// !$*UTF8*$!
{
	archiveVersion = 1;
	classes = {
	};
	objectVersion = 52;
	objects = {

/* Begin PBXAggregateTarget section */
		620C843223FA7F23009F6BE7 /* libtesseract */ = {
			isa = PBXAggregateTarget;
			buildConfigurationList = 620C843323FA7F23009F6BE7 /* Build configuration list for PBXAggregateTarget "libtesseract" */;
			buildPhases = (
				620C843623FA7F2F009F6BE7 /* ShellScript */,
			);
			dependencies = (
			);
			name = libtesseract;
			productName = libtesseract;
		};
/* End PBXAggregateTarget section */

/* Begin PBXBuildFile section */
		621E38552097A09000446A42 /* LanguageStringConverter.swift in Sources */ = {isa = PBXBuildFile; fileRef = 621E38542097A09000446A42 /* LanguageStringConverter.swift */; };
		623387AD25319BB000057720 /* libtesseract.xcframework in Frameworks */ = {isa = PBXBuildFile; fileRef = 6233879C253198D600057720 /* libtesseract.xcframework */; };
		623387AE25319BB000057720 /* libtesseract.xcframework in Embed Frameworks */ = {isa = PBXBuildFile; fileRef = 6233879C253198D600057720 /* libtesseract.xcframework */; settings = {ATTRIBUTES = (CodeSignOnCopy, RemoveHeadersOnCopy, ); }; };
		623387C825319CC900057720 /* libc++.tbd in Frameworks */ = {isa = PBXBuildFile; fileRef = 623387B625319BC000057720 /* libc++.tbd */; };
		6271A3DE2047A0D7005DB23B /* SwiftyTesseract.framework in Frameworks */ = {isa = PBXBuildFile; fileRef = 6271A3D42047A0D7005DB23B /* SwiftyTesseract.framework */; };
		6271A3E32047A0D7005DB23B /* SwiftyTesseractTests.swift in Sources */ = {isa = PBXBuildFile; fileRef = 6271A3E22047A0D7005DB23B /* SwiftyTesseractTests.swift */; };
		6271A3E52047A0D7005DB23B /* SwiftyTesseract.h in Headers */ = {isa = PBXBuildFile; fileRef = 6271A3D72047A0D7005DB23B /* SwiftyTesseract.h */; settings = {ATTRIBUTES = (Public, ); }; };
		6271A4C92047A360005DB23B /* SwiftyTesseract.swift in Sources */ = {isa = PBXBuildFile; fileRef = 6271A4C82047A360005DB23B /* SwiftyTesseract.swift */; };
		6271A4CC2047A53C005DB23B /* libz.tbd in Frameworks */ = {isa = PBXBuildFile; fileRef = 6271A4CB2047A53C005DB23B /* libz.tbd */; };
		629F558C204B3B3B00974B07 /* tessdata in Resources */ = {isa = PBXBuildFile; fileRef = 629F558B204B3B3B00974B07 /* tessdata */; };
		62D73423206466FF0021C1EC /* RecognitionLanguageTests.swift in Sources */ = {isa = PBXBuildFile; fileRef = 62D73422206466FF0021C1EC /* RecognitionLanguageTests.swift */; };
		62DF38B92066AC01008F0476 /* SwiftyTesseractError.swift in Sources */ = {isa = PBXBuildFile; fileRef = 62DF38B52066AC00008F0476 /* SwiftyTesseractError.swift */; };
		62DF38BA2066AC01008F0476 /* EngineMode.swift in Sources */ = {isa = PBXBuildFile; fileRef = 62DF38B62066AC01008F0476 /* EngineMode.swift */; };
		62DF38BB2066AC01008F0476 /* TesseractVariableName.swift in Sources */ = {isa = PBXBuildFile; fileRef = 62DF38B72066AC01008F0476 /* TesseractVariableName.swift */; };
		62DF38BC2066AC01008F0476 /* RecognitionLanguage.swift in Sources */ = {isa = PBXBuildFile; fileRef = 62DF38B82066AC01008F0476 /* RecognitionLanguage.swift */; };
		62DF38BF2066AC2A008F0476 /* String+Extensions.swift in Sources */ = {isa = PBXBuildFile; fileRef = 62DF38BD2066AC2A008F0476 /* String+Extensions.swift */; };
		62DF38C02066AC2A008F0476 /* Bundle+pathToTrainedData.swift in Sources */ = {isa = PBXBuildFile; fileRef = 62DF38BE2066AC2A008F0476 /* Bundle+pathToTrainedData.swift */; };
		62E2B8AE2097B75800147083 /* MVRCode3.png in Resources */ = {isa = PBXBuildFile; fileRef = 62E2B8AD2097B75800147083 /* MVRCode3.png */; };
		62E2B8B22097C7C300147083 /* Lenore3.png in Resources */ = {isa = PBXBuildFile; fileRef = 62E2B8B12097C7C300147083 /* Lenore3.png */; };
		62E3D1D2204880400030AB11 /* image_sample.jpg in Resources */ = {isa = PBXBuildFile; fileRef = 62E3D1D0204879EE0030AB11 /* image_sample.jpg */; };
		62E3D1E22049FAAE0030AB11 /* IMG_1108.jpg in Resources */ = {isa = PBXBuildFile; fileRef = 62E3D1E12049FAAE0030AB11 /* IMG_1108.jpg */; };
		8703EC8222032A54005B03EA /* MultipleInterwordSpaces.jpg in Resources */ = {isa = PBXBuildFile; fileRef = 8703EC8122032A54005B03EA /* MultipleInterwordSpaces.jpg */; };
		8705C26E222ED10D0014DCAA /* NormalAndSmallFonts.jpg in Resources */ = {isa = PBXBuildFile; fileRef = 8705C26C222EC9530014DCAA /* NormalAndSmallFonts.jpg */; };
		9D0C4C22244C2FF500270FA0 /* RecognizedBlock.swift in Sources */ = {isa = PBXBuildFile; fileRef = 9D0C4C21244C2FF500270FA0 /* RecognizedBlock.swift */; };
		9D0C4C24244C300F00270FA0 /* ResultIteratorLevel.swift in Sources */ = {isa = PBXBuildFile; fileRef = 9D0C4C23244C300F00270FA0 /* ResultIteratorLevel.swift */; };
		9D0C4C26244CA0B700270FA0 /* BoundingBox.swift in Sources */ = {isa = PBXBuildFile; fileRef = 9D0C4C25244CA0B700270FA0 /* BoundingBox.swift */; };
		9D5C2420244A229800D66FFE /* LanguageModelDataSource.swift in Sources */ = {isa = PBXBuildFile; fileRef = 9D5C241F244A229800D66FFE /* LanguageModelDataSource.swift */; };
/* End PBXBuildFile section */

/* Begin PBXContainerItemProxy section */
		6271A3DF2047A0D7005DB23B /* PBXContainerItemProxy */ = {
			isa = PBXContainerItemProxy;
			containerPortal = 6271A3CB2047A0D7005DB23B /* Project object */;
			proxyType = 1;
			remoteGlobalIDString = 6271A3D32047A0D7005DB23B;
			remoteInfo = SwiftyTesseract;
		};
/* End PBXContainerItemProxy section */

/* Begin PBXCopyFilesBuildPhase section */
		623387AF25319BB000057720 /* Embed Frameworks */ = {
			isa = PBXCopyFilesBuildPhase;
			buildActionMask = 2147483647;
			dstPath = "";
			dstSubfolderSpec = 10;
			files = (
				623387AE25319BB000057720 /* libtesseract.xcframework in Embed Frameworks */,
			);
			name = "Embed Frameworks";
			runOnlyForDeploymentPostprocessing = 0;
		};
/* End PBXCopyFilesBuildPhase section */

/* Begin PBXFileReference section */
		621E38542097A09000446A42 /* LanguageStringConverter.swift */ = {isa = PBXFileReference; lastKnownFileType = sourcecode.swift; path = LanguageStringConverter.swift; sourceTree = "<group>"; };
		6233879C253198D600057720 /* libtesseract.xcframework */ = {isa = PBXFileReference; lastKnownFileType = wrapper.xcframework; path = libtesseract.xcframework; sourceTree = "<group>"; };
		623387B625319BC000057720 /* libc++.tbd */ = {isa = PBXFileReference; lastKnownFileType = "sourcecode.text-based-dylib-definition"; name = "libc++.tbd"; path = "Platforms/MacOSX.platform/Developer/SDKs/MacOSX10.15.sdk/usr/lib/libc++.tbd"; sourceTree = DEVELOPER_DIR; };
		623387C225319C8900057720 /* libtesseract.xcframework */ = {isa = PBXFileReference; lastKnownFileType = wrapper.xcframework; path = libtesseract.xcframework; sourceTree = "<group>"; };
		625AB8222453FDB600A08D2C /* SwiftLint.xcconfig */ = {isa = PBXFileReference; lastKnownFileType = text.xcconfig; path = SwiftLint.xcconfig; sourceTree = "<group>"; };
		6271A3D42047A0D7005DB23B /* SwiftyTesseract.framework */ = {isa = PBXFileReference; explicitFileType = wrapper.framework; includeInIndex = 0; path = SwiftyTesseract.framework; sourceTree = BUILT_PRODUCTS_DIR; };
		6271A3D72047A0D7005DB23B /* SwiftyTesseract.h */ = {isa = PBXFileReference; lastKnownFileType = sourcecode.c.h; path = SwiftyTesseract.h; sourceTree = "<group>"; };
		6271A3D82047A0D7005DB23B /* Info.plist */ = {isa = PBXFileReference; lastKnownFileType = text.plist.xml; path = Info.plist; sourceTree = "<group>"; };
		6271A3DD2047A0D7005DB23B /* SwiftyTesseractTests.xctest */ = {isa = PBXFileReference; explicitFileType = wrapper.cfbundle; includeInIndex = 0; path = SwiftyTesseractTests.xctest; sourceTree = BUILT_PRODUCTS_DIR; };
		6271A3E22047A0D7005DB23B /* SwiftyTesseractTests.swift */ = {isa = PBXFileReference; lastKnownFileType = sourcecode.swift; path = SwiftyTesseractTests.swift; sourceTree = "<group>"; };
		6271A3E42047A0D7005DB23B /* Info.plist */ = {isa = PBXFileReference; lastKnownFileType = text.plist.xml; path = Info.plist; sourceTree = "<group>"; };
		6271A4C82047A360005DB23B /* SwiftyTesseract.swift */ = {isa = PBXFileReference; lastKnownFileType = sourcecode.swift; path = SwiftyTesseract.swift; sourceTree = "<group>"; };
		6271A4CB2047A53C005DB23B /* libz.tbd */ = {isa = PBXFileReference; lastKnownFileType = "sourcecode.text-based-dylib-definition"; name = libz.tbd; path = usr/lib/libz.tbd; sourceTree = SDKROOT; };
		6271A5A62047B78E005DB23B /* libstdc++.tbd */ = {isa = PBXFileReference; lastKnownFileType = "sourcecode.text-based-dylib-definition"; name = "libstdc++.tbd"; path = "usr/lib/libstdc++.tbd"; sourceTree = SDKROOT; };
		629F558B204B3B3B00974B07 /* tessdata */ = {isa = PBXFileReference; lastKnownFileType = folder; path = tessdata; sourceTree = "<group>"; };
		62D73422206466FF0021C1EC /* RecognitionLanguageTests.swift */ = {isa = PBXFileReference; lastKnownFileType = sourcecode.swift; path = RecognitionLanguageTests.swift; sourceTree = "<group>"; };
		62DF38B52066AC00008F0476 /* SwiftyTesseractError.swift */ = {isa = PBXFileReference; fileEncoding = 4; lastKnownFileType = sourcecode.swift; path = SwiftyTesseractError.swift; sourceTree = "<group>"; };
		62DF38B62066AC01008F0476 /* EngineMode.swift */ = {isa = PBXFileReference; fileEncoding = 4; lastKnownFileType = sourcecode.swift; path = EngineMode.swift; sourceTree = "<group>"; };
		62DF38B72066AC01008F0476 /* TesseractVariableName.swift */ = {isa = PBXFileReference; fileEncoding = 4; lastKnownFileType = sourcecode.swift; path = TesseractVariableName.swift; sourceTree = "<group>"; };
		62DF38B82066AC01008F0476 /* RecognitionLanguage.swift */ = {isa = PBXFileReference; fileEncoding = 4; lastKnownFileType = sourcecode.swift; path = RecognitionLanguage.swift; sourceTree = "<group>"; };
		62DF38BD2066AC2A008F0476 /* String+Extensions.swift */ = {isa = PBXFileReference; fileEncoding = 4; lastKnownFileType = sourcecode.swift; path = "String+Extensions.swift"; sourceTree = "<group>"; };
		62DF38BE2066AC2A008F0476 /* Bundle+pathToTrainedData.swift */ = {isa = PBXFileReference; fileEncoding = 4; lastKnownFileType = sourcecode.swift; path = "Bundle+pathToTrainedData.swift"; sourceTree = "<group>"; };
		62E2B8AD2097B75800147083 /* MVRCode3.png */ = {isa = PBXFileReference; lastKnownFileType = image.png; path = MVRCode3.png; sourceTree = "<group>"; };
		62E2B8B12097C7C300147083 /* Lenore3.png */ = {isa = PBXFileReference; lastKnownFileType = image.png; path = Lenore3.png; sourceTree = "<group>"; };
		62E3D1D0204879EE0030AB11 /* image_sample.jpg */ = {isa = PBXFileReference; lastKnownFileType = image.jpeg; path = image_sample.jpg; sourceTree = "<group>"; };
		62E3D1E12049FAAE0030AB11 /* IMG_1108.jpg */ = {isa = PBXFileReference; lastKnownFileType = image.jpeg; path = IMG_1108.jpg; sourceTree = "<group>"; };
		8703EC8122032A54005B03EA /* MultipleInterwordSpaces.jpg */ = {isa = PBXFileReference; lastKnownFileType = image.jpeg; path = MultipleInterwordSpaces.jpg; sourceTree = "<group>"; };
		8705C26C222EC9530014DCAA /* NormalAndSmallFonts.jpg */ = {isa = PBXFileReference; lastKnownFileType = image.jpeg; path = NormalAndSmallFonts.jpg; sourceTree = "<group>"; };
		9D0C4C21244C2FF500270FA0 /* RecognizedBlock.swift */ = {isa = PBXFileReference; fileEncoding = 4; lastKnownFileType = sourcecode.swift; path = RecognizedBlock.swift; sourceTree = "<group>"; };
		9D0C4C23244C300F00270FA0 /* ResultIteratorLevel.swift */ = {isa = PBXFileReference; fileEncoding = 4; lastKnownFileType = sourcecode.swift; path = ResultIteratorLevel.swift; sourceTree = "<group>"; };
		9D0C4C25244CA0B700270FA0 /* BoundingBox.swift */ = {isa = PBXFileReference; lastKnownFileType = sourcecode.swift; path = BoundingBox.swift; sourceTree = "<group>"; };
		9D5C241F244A229800D66FFE /* LanguageModelDataSource.swift */ = {isa = PBXFileReference; lastKnownFileType = sourcecode.swift; path = LanguageModelDataSource.swift; sourceTree = "<group>"; };
/* End PBXFileReference section */

/* Begin PBXFrameworksBuildPhase section */
		6271A3D02047A0D7005DB23B /* Frameworks */ = {
			isa = PBXFrameworksBuildPhase;
			buildActionMask = 2147483647;
			files = (
				623387C825319CC900057720 /* libc++.tbd in Frameworks */,
				623387AD25319BB000057720 /* libtesseract.xcframework in Frameworks */,
				6271A4CC2047A53C005DB23B /* libz.tbd in Frameworks */,
			);
			runOnlyForDeploymentPostprocessing = 0;
		};
		6271A3DA2047A0D7005DB23B /* Frameworks */ = {
			isa = PBXFrameworksBuildPhase;
			buildActionMask = 2147483647;
			files = (
				6271A3DE2047A0D7005DB23B /* SwiftyTesseract.framework in Frameworks */,
			);
			runOnlyForDeploymentPostprocessing = 0;
		};
/* End PBXFrameworksBuildPhase section */

/* Begin PBXGroup section */
		621E38532097A06E00446A42 /* Protocols */ = {
			isa = PBXGroup;
			children = (
				621E38542097A09000446A42 /* LanguageStringConverter.swift */,
				9D5C241F244A229800D66FFE /* LanguageModelDataSource.swift */,
			);
			path = Protocols;
			sourceTree = "<group>";
		};
		6271A3CA2047A0D7005DB23B = {
			isa = PBXGroup;
			children = (
				6271A3D62047A0D7005DB23B /* SwiftyTesseract */,
				6271A3E12047A0D7005DB23B /* SwiftyTesseractTests */,
				6271A3D52047A0D7005DB23B /* Products */,
				6271A4CA2047A53C005DB23B /* Frameworks */,
			);
			sourceTree = "<group>";
		};
		6271A3D52047A0D7005DB23B /* Products */ = {
			isa = PBXGroup;
			children = (
				6271A3D42047A0D7005DB23B /* SwiftyTesseract.framework */,
				6271A3DD2047A0D7005DB23B /* SwiftyTesseractTests.xctest */,
			);
			name = Products;
			sourceTree = "<group>";
		};
		6271A3D62047A0D7005DB23B /* SwiftyTesseract */ = {
			isa = PBXGroup;
			children = (
				9D5C241C244A108100D66FFE /* Structs */,
				62DF38B42066ABE9008F0476 /* Extensions */,
				62DF38B32066ABE0008F0476 /* Enums */,
				621E38532097A06E00446A42 /* Protocols */,
				6271A3D72047A0D7005DB23B /* SwiftyTesseract.h */,
				6271A3D82047A0D7005DB23B /* Info.plist */,
				6271A4C82047A360005DB23B /* SwiftyTesseract.swift */,
				625AB8222453FDB600A08D2C /* SwiftLint.xcconfig */,
			);
			path = SwiftyTesseract;
			sourceTree = "<group>";
		};
		6271A3E12047A0D7005DB23B /* SwiftyTesseractTests */ = {
			isa = PBXGroup;
			children = (
				629F558B204B3B3B00974B07 /* tessdata */,
				62E3D1D0204879EE0030AB11 /* image_sample.jpg */,
				62E2B8AD2097B75800147083 /* MVRCode3.png */,
				62E2B8B12097C7C300147083 /* Lenore3.png */,
				62E3D1E12049FAAE0030AB11 /* IMG_1108.jpg */,
				8705C26C222EC9530014DCAA /* NormalAndSmallFonts.jpg */,
				6271A3E22047A0D7005DB23B /* SwiftyTesseractTests.swift */,
				8703EC8122032A54005B03EA /* MultipleInterwordSpaces.jpg */,
				6271A3E42047A0D7005DB23B /* Info.plist */,
				62D73422206466FF0021C1EC /* RecognitionLanguageTests.swift */,
			);
			path = SwiftyTesseractTests;
			sourceTree = "<group>";
		};
		6271A4CA2047A53C005DB23B /* Frameworks */ = {
			isa = PBXGroup;
			children = (
				623387C225319C8900057720 /* libtesseract.xcframework */,
				623387B625319BC000057720 /* libc++.tbd */,
				6233879C253198D600057720 /* libtesseract.xcframework */,
				6271A5A62047B78E005DB23B /* libstdc++.tbd */,
				6271A4CB2047A53C005DB23B /* libz.tbd */,
			);
			name = Frameworks;
			sourceTree = "<group>";
		};
		62DF38B32066ABE0008F0476 /* Enums */ = {
			isa = PBXGroup;
			children = (
				62DF38B62066AC01008F0476 /* EngineMode.swift */,
				62DF38B82066AC01008F0476 /* RecognitionLanguage.swift */,
				62DF38B52066AC00008F0476 /* SwiftyTesseractError.swift */,
				62DF38B72066AC01008F0476 /* TesseractVariableName.swift */,
				9D0C4C23244C300F00270FA0 /* ResultIteratorLevel.swift */,
			);
			path = Enums;
			sourceTree = "<group>";
		};
		62DF38B42066ABE9008F0476 /* Extensions */ = {
			isa = PBXGroup;
			children = (
				62DF38BE2066AC2A008F0476 /* Bundle+pathToTrainedData.swift */,
				62DF38BD2066AC2A008F0476 /* String+Extensions.swift */,
			);
			path = Extensions;
			sourceTree = "<group>";
		};
		9D5C241C244A108100D66FFE /* Structs */ = {
			isa = PBXGroup;
			children = (
				9D0C4C21244C2FF500270FA0 /* RecognizedBlock.swift */,
				9D0C4C25244CA0B700270FA0 /* BoundingBox.swift */,
			);
			path = Structs;
			sourceTree = "<group>";
		};
/* End PBXGroup section */

/* Begin PBXHeadersBuildPhase section */
		6271A3D12047A0D7005DB23B /* Headers */ = {
			isa = PBXHeadersBuildPhase;
			buildActionMask = 2147483647;
			files = (
				6271A3E52047A0D7005DB23B /* SwiftyTesseract.h in Headers */,
			);
			runOnlyForDeploymentPostprocessing = 0;
		};
/* End PBXHeadersBuildPhase section */

/* Begin PBXNativeTarget section */
		6271A3D32047A0D7005DB23B /* SwiftyTesseract */ = {
			isa = PBXNativeTarget;
			buildConfigurationList = 6271A3E82047A0D7005DB23B /* Build configuration list for PBXNativeTarget "SwiftyTesseract" */;
			buildPhases = (
				6271A3CF2047A0D7005DB23B /* Sources */,
				6271A3D02047A0D7005DB23B /* Frameworks */,
				6271A3D12047A0D7005DB23B /* Headers */,
				6271A3D22047A0D7005DB23B /* Resources */,
				625AB8212453EEB300A08D2C /* Lint */,
				623387AF25319BB000057720 /* Embed Frameworks */,
			);
			buildRules = (
			);
			dependencies = (
			);
			name = SwiftyTesseract;
			productName = SwiftyTesseract;
			productReference = 6271A3D42047A0D7005DB23B /* SwiftyTesseract.framework */;
			productType = "com.apple.product-type.framework";
		};
		6271A3DC2047A0D7005DB23B /* SwiftyTesseractTests */ = {
			isa = PBXNativeTarget;
			buildConfigurationList = 6271A3EB2047A0D7005DB23B /* Build configuration list for PBXNativeTarget "SwiftyTesseractTests" */;
			buildPhases = (
				6271A3D92047A0D7005DB23B /* Sources */,
				6271A3DA2047A0D7005DB23B /* Frameworks */,
				6271A3DB2047A0D7005DB23B /* Resources */,
			);
			buildRules = (
			);
			dependencies = (
				6271A3E02047A0D7005DB23B /* PBXTargetDependency */,
			);
			name = SwiftyTesseractTests;
			productName = SwiftyTesseractTests;
			productReference = 6271A3DD2047A0D7005DB23B /* SwiftyTesseractTests.xctest */;
			productType = "com.apple.product-type.bundle.unit-test";
		};
/* End PBXNativeTarget section */

/* Begin PBXProject section */
		6271A3CB2047A0D7005DB23B /* Project object */ = {
			isa = PBXProject;
			attributes = {
				LastSwiftUpdateCheck = 1010;
				LastUpgradeCheck = 1000;
				ORGANIZATIONNAME = "Steven Sherry";
				TargetAttributes = {
					620C843223FA7F23009F6BE7 = {
						CreatedOnToolsVersion = 11.3;
						ProvisioningStyle = Automatic;
					};
					6271A3D32047A0D7005DB23B = {
						CreatedOnToolsVersion = 9.2;
						LastSwiftMigration = 0920;
						ProvisioningStyle = Automatic;
					};
					6271A3DC2047A0D7005DB23B = {
						CreatedOnToolsVersion = 9.2;
						ProvisioningStyle = Automatic;
					};
				};
			};
			buildConfigurationList = 6271A3CE2047A0D7005DB23B /* Build configuration list for PBXProject "SwiftyTesseract" */;
			compatibilityVersion = "Xcode 8.0";
			developmentRegion = en;
			hasScannedForEncodings = 0;
			knownRegions = (
				en,
			);
			mainGroup = 6271A3CA2047A0D7005DB23B;
			productRefGroup = 6271A3D52047A0D7005DB23B /* Products */;
			projectDirPath = "";
			projectRoot = "";
			targets = (
				6271A3D32047A0D7005DB23B /* SwiftyTesseract */,
				6271A3DC2047A0D7005DB23B /* SwiftyTesseractTests */,
				620C843223FA7F23009F6BE7 /* libtesseract */,
			);
		};
/* End PBXProject section */

/* Begin PBXResourcesBuildPhase section */
		6271A3D22047A0D7005DB23B /* Resources */ = {
			isa = PBXResourcesBuildPhase;
			buildActionMask = 2147483647;
			files = (
			);
			runOnlyForDeploymentPostprocessing = 0;
		};
		6271A3DB2047A0D7005DB23B /* Resources */ = {
			isa = PBXResourcesBuildPhase;
			buildActionMask = 2147483647;
			files = (
				62E3D1D2204880400030AB11 /* image_sample.jpg in Resources */,
				8705C26E222ED10D0014DCAA /* NormalAndSmallFonts.jpg in Resources */,
				62E3D1E22049FAAE0030AB11 /* IMG_1108.jpg in Resources */,
				62E2B8B22097C7C300147083 /* Lenore3.png in Resources */,
				629F558C204B3B3B00974B07 /* tessdata in Resources */,
				62E2B8AE2097B75800147083 /* MVRCode3.png in Resources */,
				8703EC8222032A54005B03EA /* MultipleInterwordSpaces.jpg in Resources */,
			);
			runOnlyForDeploymentPostprocessing = 0;
		};
/* End PBXResourcesBuildPhase section */

/* Begin PBXShellScriptBuildPhase section */
		620C843623FA7F2F009F6BE7 /* ShellScript */ = {
			isa = PBXShellScriptBuildPhase;
			buildActionMask = 2147483647;
			files = (
			);
			inputFileListPaths = (
			);
			inputPaths = (
			);
			outputFileListPaths = (
			);
			outputPaths = (
			);
			runOnlyForDeploymentPostprocessing = 0;
			shellPath = /bin/sh;
			shellScript = "# Type a script or drag a script file from your workspace to insert its path.\nset -e\nexport ARCHS=\"arm64 x86_64\"\necho \"-------------ARCHS---------------\"\necho $ARCHS\necho \"---------------------------------\"\nmake --makefile=SwiftyTesseract/Makefile platform=ios\ncp -r ios/dependencies/** SwiftyTesseract/dependencies\ncp -r ios/include/** SwiftyTesseract/dependencies/include\ncp -r ios/lib SwiftyTesseract/dependencies\nrm -rf jpeg* leptonica* libpng* tesseract* tiff* ios *.zip\n";
		};
		625AB8212453EEB300A08D2C /* Lint */ = {
			isa = PBXShellScriptBuildPhase;
			buildActionMask = 2147483647;
			files = (
			);
			inputFileListPaths = (
			);
			inputPaths = (
			);
			name = Lint;
			outputFileListPaths = (
			);
			outputPaths = (
			);
			runOnlyForDeploymentPostprocessing = 0;
			shellPath = /bin/sh;
			shellScript = "# Type a script or drag a script file from your workspace to insert its path.\nif which swiftlint > /dev/null; then\n  swiftlint $SWIFT_LINT_STRICT\nelse\n  echo \"warning: SwiftLint not installed, download from https://github.com/realm/SwiftLint\"\nfi\n";
		};
/* End PBXShellScriptBuildPhase section */

/* Begin PBXSourcesBuildPhase section */
		6271A3CF2047A0D7005DB23B /* Sources */ = {
			isa = PBXSourcesBuildPhase;
			buildActionMask = 2147483647;
			files = (
				62DF38BC2066AC01008F0476 /* RecognitionLanguage.swift in Sources */,
				62DF38BB2066AC01008F0476 /* TesseractVariableName.swift in Sources */,
				6271A4C92047A360005DB23B /* SwiftyTesseract.swift in Sources */,
				9D0C4C26244CA0B700270FA0 /* BoundingBox.swift in Sources */,
				9D5C2420244A229800D66FFE /* LanguageModelDataSource.swift in Sources */,
				62DF38BA2066AC01008F0476 /* EngineMode.swift in Sources */,
				621E38552097A09000446A42 /* LanguageStringConverter.swift in Sources */,
				62DF38BF2066AC2A008F0476 /* String+Extensions.swift in Sources */,
				9D0C4C24244C300F00270FA0 /* ResultIteratorLevel.swift in Sources */,
				62DF38B92066AC01008F0476 /* SwiftyTesseractError.swift in Sources */,
				62DF38C02066AC2A008F0476 /* Bundle+pathToTrainedData.swift in Sources */,
				9D0C4C22244C2FF500270FA0 /* RecognizedBlock.swift in Sources */,
			);
			runOnlyForDeploymentPostprocessing = 0;
		};
		6271A3D92047A0D7005DB23B /* Sources */ = {
			isa = PBXSourcesBuildPhase;
			buildActionMask = 2147483647;
			files = (
				6271A3E32047A0D7005DB23B /* SwiftyTesseractTests.swift in Sources */,
				62D73423206466FF0021C1EC /* RecognitionLanguageTests.swift in Sources */,
			);
			runOnlyForDeploymentPostprocessing = 0;
		};
/* End PBXSourcesBuildPhase section */

/* Begin PBXTargetDependency section */
		6271A3E02047A0D7005DB23B /* PBXTargetDependency */ = {
			isa = PBXTargetDependency;
			target = 6271A3D32047A0D7005DB23B /* SwiftyTesseract */;
			targetProxy = 6271A3DF2047A0D7005DB23B /* PBXContainerItemProxy */;
		};
/* End PBXTargetDependency section */

/* Begin XCBuildConfiguration section */
		620C843423FA7F23009F6BE7 /* Debug */ = {
			isa = XCBuildConfiguration;
			buildSettings = {
				CODE_SIGN_STYLE = Automatic;
				DEVELOPMENT_TEAM = EWSMAH6SD7;
				ONLY_ACTIVE_ARCH = NO;
				PRODUCT_NAME = "$(TARGET_NAME)";
				VALID_ARCHS = "arm64 x86_64";
			};
			name = Debug;
		};
		620C843523FA7F23009F6BE7 /* Release */ = {
			isa = XCBuildConfiguration;
			buildSettings = {
				CODE_SIGN_STYLE = Automatic;
				DEVELOPMENT_TEAM = EWSMAH6SD7;
				PRODUCT_NAME = "$(TARGET_NAME)";
				VALID_ARCHS = "arm64 x86_64";
			};
			name = Release;
		};
		6271A3E62047A0D7005DB23B /* Debug */ = {
			isa = XCBuildConfiguration;
			buildSettings = {
				ALWAYS_SEARCH_USER_PATHS = NO;
				CLANG_ANALYZER_NONNULL = YES;
				CLANG_ANALYZER_NUMBER_OBJECT_CONVERSION = YES_AGGRESSIVE;
				CLANG_CXX_LANGUAGE_STANDARD = "gnu++14";
				CLANG_CXX_LIBRARY = "libc++";
				CLANG_ENABLE_MODULES = YES;
				CLANG_ENABLE_OBJC_ARC = YES;
				CLANG_WARN_BLOCK_CAPTURE_AUTORELEASING = YES;
				CLANG_WARN_BOOL_CONVERSION = YES;
				CLANG_WARN_COMMA = YES;
				CLANG_WARN_CONSTANT_CONVERSION = YES;
				CLANG_WARN_DEPRECATED_OBJC_IMPLEMENTATIONS = YES;
				CLANG_WARN_DIRECT_OBJC_ISA_USAGE = YES_ERROR;
				CLANG_WARN_DOCUMENTATION_COMMENTS = YES;
				CLANG_WARN_EMPTY_BODY = YES;
				CLANG_WARN_ENUM_CONVERSION = YES;
				CLANG_WARN_INFINITE_RECURSION = YES;
				CLANG_WARN_INT_CONVERSION = YES;
				CLANG_WARN_NON_LITERAL_NULL_CONVERSION = YES;
				CLANG_WARN_OBJC_IMPLICIT_RETAIN_SELF = YES;
				CLANG_WARN_OBJC_LITERAL_CONVERSION = YES;
				CLANG_WARN_OBJC_ROOT_CLASS = YES_ERROR;
				CLANG_WARN_RANGE_LOOP_ANALYSIS = YES;
				CLANG_WARN_STRICT_PROTOTYPES = YES;
				CLANG_WARN_SUSPICIOUS_MOVE = YES;
				CLANG_WARN_UNGUARDED_AVAILABILITY = YES_AGGRESSIVE;
				CLANG_WARN_UNREACHABLE_CODE = YES;
				CLANG_WARN__DUPLICATE_METHOD_MATCH = YES;
				CODE_SIGN_IDENTITY = "iPhone Developer";
				COPY_PHASE_STRIP = NO;
				CURRENT_PROJECT_VERSION = 1;
				DEBUG_INFORMATION_FORMAT = dwarf;
				DEFINES_MODULE = YES;
				ENABLE_STRICT_OBJC_MSGSEND = YES;
				ENABLE_TESTABILITY = YES;
				GCC_C_LANGUAGE_STANDARD = gnu11;
				GCC_DYNAMIC_NO_PIC = NO;
				GCC_NO_COMMON_BLOCKS = YES;
				GCC_OPTIMIZATION_LEVEL = 0;
				GCC_PREPROCESSOR_DEFINITIONS = (
					"DEBUG=1",
					"$(inherited)",
				);
				GCC_WARN_64_TO_32_BIT_CONVERSION = YES;
				GCC_WARN_ABOUT_RETURN_TYPE = YES_ERROR;
				GCC_WARN_UNDECLARED_SELECTOR = YES;
				GCC_WARN_UNINITIALIZED_AUTOS = YES_AGGRESSIVE;
				GCC_WARN_UNUSED_FUNCTION = YES;
				GCC_WARN_UNUSED_VARIABLE = YES;
				IPHONEOS_DEPLOYMENT_TARGET = 10.0;
				"MODULEMAP_FILE[sdk=*]" = "${SRCROOT}/SwiftyTesseract/module.modulemap";
				MTL_ENABLE_DEBUG_INFO = YES;
				ONLY_ACTIVE_ARCH = NO;
				SDKROOT = iphoneos;
				SWIFT_ACTIVE_COMPILATION_CONDITIONS = DEBUG;
				SWIFT_OPTIMIZATION_LEVEL = "-Onone";
				VALID_ARCHS = "arm64 arm64e x86_64";
				VERSIONING_SYSTEM = "apple-generic";
				VERSION_INFO_PREFIX = "";
			};
			name = Debug;
		};
		6271A3E72047A0D7005DB23B /* Release */ = {
			isa = XCBuildConfiguration;
			buildSettings = {
				ALWAYS_SEARCH_USER_PATHS = NO;
				CLANG_ANALYZER_NONNULL = YES;
				CLANG_ANALYZER_NUMBER_OBJECT_CONVERSION = YES_AGGRESSIVE;
				CLANG_CXX_LANGUAGE_STANDARD = "gnu++14";
				CLANG_CXX_LIBRARY = "libc++";
				CLANG_ENABLE_MODULES = YES;
				CLANG_ENABLE_OBJC_ARC = YES;
				CLANG_WARN_BLOCK_CAPTURE_AUTORELEASING = YES;
				CLANG_WARN_BOOL_CONVERSION = YES;
				CLANG_WARN_COMMA = YES;
				CLANG_WARN_CONSTANT_CONVERSION = YES;
				CLANG_WARN_DEPRECATED_OBJC_IMPLEMENTATIONS = YES;
				CLANG_WARN_DIRECT_OBJC_ISA_USAGE = YES_ERROR;
				CLANG_WARN_DOCUMENTATION_COMMENTS = YES;
				CLANG_WARN_EMPTY_BODY = YES;
				CLANG_WARN_ENUM_CONVERSION = YES;
				CLANG_WARN_INFINITE_RECURSION = YES;
				CLANG_WARN_INT_CONVERSION = YES;
				CLANG_WARN_NON_LITERAL_NULL_CONVERSION = YES;
				CLANG_WARN_OBJC_IMPLICIT_RETAIN_SELF = YES;
				CLANG_WARN_OBJC_LITERAL_CONVERSION = YES;
				CLANG_WARN_OBJC_ROOT_CLASS = YES_ERROR;
				CLANG_WARN_RANGE_LOOP_ANALYSIS = YES;
				CLANG_WARN_STRICT_PROTOTYPES = YES;
				CLANG_WARN_SUSPICIOUS_MOVE = YES;
				CLANG_WARN_UNGUARDED_AVAILABILITY = YES_AGGRESSIVE;
				CLANG_WARN_UNREACHABLE_CODE = YES;
				CLANG_WARN__DUPLICATE_METHOD_MATCH = YES;
				CODE_SIGN_IDENTITY = "iPhone Developer";
				COPY_PHASE_STRIP = NO;
				CURRENT_PROJECT_VERSION = 1;
				DEBUG_INFORMATION_FORMAT = "dwarf-with-dsym";
				DEFINES_MODULE = YES;
				ENABLE_NS_ASSERTIONS = NO;
				ENABLE_STRICT_OBJC_MSGSEND = YES;
				GCC_C_LANGUAGE_STANDARD = gnu11;
				GCC_NO_COMMON_BLOCKS = YES;
				GCC_WARN_64_TO_32_BIT_CONVERSION = YES;
				GCC_WARN_ABOUT_RETURN_TYPE = YES_ERROR;
				GCC_WARN_UNDECLARED_SELECTOR = YES;
				GCC_WARN_UNINITIALIZED_AUTOS = YES_AGGRESSIVE;
				GCC_WARN_UNUSED_FUNCTION = YES;
				GCC_WARN_UNUSED_VARIABLE = YES;
				IPHONEOS_DEPLOYMENT_TARGET = 10.0;
				"MODULEMAP_FILE[sdk=*]" = "${SRCROOT}/SwiftyTesseract/module.modulemap";
				MTL_ENABLE_DEBUG_INFO = NO;
				ONLY_ACTIVE_ARCH = NO;
				SDKROOT = iphoneos;
				SWIFT_COMPILATION_MODE = wholemodule;
				SWIFT_OPTIMIZATION_LEVEL = "-O";
				VALIDATE_PRODUCT = YES;
				VALID_ARCHS = "arm64 arm64e x86_64";
				VERSIONING_SYSTEM = "apple-generic";
				VERSION_INFO_PREFIX = "";
			};
			name = Release;
		};
		6271A3E92047A0D7005DB23B /* Debug */ = {
			isa = XCBuildConfiguration;
			buildSettings = {
				CLANG_ALLOW_NON_MODULAR_INCLUDES_IN_FRAMEWORK_MODULES = YES;
				CLANG_ENABLE_MODULES = YES;
				CODE_SIGN_IDENTITY = "";
				CODE_SIGN_STYLE = Automatic;
				DEFINES_MODULE = YES;
				DEVELOPMENT_TEAM = EWSMAH6SD7;
				DYLIB_COMPATIBILITY_VERSION = 1;
				DYLIB_CURRENT_VERSION = 1;
				DYLIB_INSTALL_NAME_BASE = "@rpath";
				"EXCLUDED_ARCHS[sdk=iphonesimulator*]" = arm64;
				INFOPLIST_FILE = SwiftyTesseract/Info.plist;
				INSTALL_PATH = "$(LOCAL_LIBRARY_DIR)/Frameworks";
				IPHONEOS_DEPLOYMENT_TARGET = 11.0;
				LD_GENERATE_MAP_FILE = NO;
				LD_RUNPATH_SEARCH_PATHS = (
					"$(inherited)",
					"@executable_path/Frameworks",
					"@loader_path/Frameworks",
				);
				LIBRARY_SEARCH_PATHS = "$(inherited)";
				MARKETING_VERSION = 3.1.3;
				"MODULEMAP_FILE[sdk=*]" = "";
				OTHER_LDFLAGS = "";
				PRODUCT_BUNDLE_IDENTIFIER = com.swiftytesseract.swiftytesseract;
				PRODUCT_NAME = "$(TARGET_NAME:c99extidentifier)";
				SKIP_INSTALL = YES;
				"SWIFT_INCLUDE_PATHS[arch=*]" = "";
				SWIFT_OPTIMIZATION_LEVEL = "-Onone";
				SWIFT_VERSION = 5.0;
				TARGETED_DEVICE_FAMILY = "1,2";
				USE_HEADERMAP = YES;
				VALID_ARCHS = "arm64 x86_64";
			};
			name = Debug;
		};
		6271A3EA2047A0D7005DB23B /* Release */ = {
			isa = XCBuildConfiguration;
			buildSettings = {
				CLANG_ALLOW_NON_MODULAR_INCLUDES_IN_FRAMEWORK_MODULES = YES;
				CLANG_ENABLE_MODULES = YES;
				CODE_SIGN_IDENTITY = "";
				CODE_SIGN_STYLE = Automatic;
				DEFINES_MODULE = YES;
				DEVELOPMENT_TEAM = EWSMAH6SD7;
				DYLIB_COMPATIBILITY_VERSION = 1;
				DYLIB_CURRENT_VERSION = 1;
				DYLIB_INSTALL_NAME_BASE = "@rpath";
				"EXCLUDED_ARCHS[sdk=iphonesimulator*]" = arm64;
				INFOPLIST_FILE = SwiftyTesseract/Info.plist;
				INSTALL_PATH = "$(LOCAL_LIBRARY_DIR)/Frameworks";
				IPHONEOS_DEPLOYMENT_TARGET = 11.0;
				LD_GENERATE_MAP_FILE = NO;
				LD_RUNPATH_SEARCH_PATHS = (
					"$(inherited)",
					"@executable_path/Frameworks",
					"@loader_path/Frameworks",
				);
				LIBRARY_SEARCH_PATHS = "$(inherited)";
				MARKETING_VERSION = 3.1.3;
				"MODULEMAP_FILE[sdk=*]" = "";
				OTHER_LDFLAGS = "";
				PRODUCT_BUNDLE_IDENTIFIER = com.swiftytesseract.swiftytesseract;
				PRODUCT_NAME = "$(TARGET_NAME:c99extidentifier)";
				SKIP_INSTALL = YES;
				SWIFT_INCLUDE_PATHS = "";
				SWIFT_VERSION = 5.0;
				TARGETED_DEVICE_FAMILY = "1,2";
				USE_HEADERMAP = YES;
				VALID_ARCHS = "arm64 x86_64";
			};
			name = Release;
		};
		6271A3EC2047A0D7005DB23B /* Debug */ = {
			isa = XCBuildConfiguration;
			buildSettings = {
				ALWAYS_EMBED_SWIFT_STANDARD_LIBRARIES = YES;
				CODE_SIGN_STYLE = Automatic;
				DEVELOPMENT_TEAM = EWSMAH6SD7;
				"EXCLUDED_ARCHS[sdk=iphonesimulator*]" = arm64;
				INFOPLIST_FILE = SwiftyTesseractTests/Info.plist;
				IPHONEOS_DEPLOYMENT_TARGET = 13.0;
				LD_RUNPATH_SEARCH_PATHS = (
					"$(inherited)",
					"@executable_path/Frameworks",
					"@loader_path/Frameworks",
				);
				PRODUCT_BUNDLE_IDENTIFIER = com.AffinityForApps.SwiftyTesseractTests;
				PRODUCT_NAME = "$(TARGET_NAME)";
				SWIFT_VERSION = 5.0;
				TARGETED_DEVICE_FAMILY = "1,2";
				VALID_ARCHS = "$(VALID_ARCHS)";
			};
			name = Debug;
		};
		6271A3ED2047A0D7005DB23B /* Release */ = {
			isa = XCBuildConfiguration;
			buildSettings = {
				ALWAYS_EMBED_SWIFT_STANDARD_LIBRARIES = YES;
				CODE_SIGN_STYLE = Automatic;
				DEVELOPMENT_TEAM = EWSMAH6SD7;
				"EXCLUDED_ARCHS[sdk=iphonesimulator*]" = arm64;
				INFOPLIST_FILE = SwiftyTesseractTests/Info.plist;
				IPHONEOS_DEPLOYMENT_TARGET = 13.0;
				LD_RUNPATH_SEARCH_PATHS = (
					"$(inherited)",
					"@executable_path/Frameworks",
					"@loader_path/Frameworks",
				);
				PRODUCT_BUNDLE_IDENTIFIER = com.AffinityForApps.SwiftyTesseractTests;
				PRODUCT_NAME = "$(TARGET_NAME)";
				SWIFT_VERSION = 5.0;
				TARGETED_DEVICE_FAMILY = "1,2";
				VALID_ARCHS = "$(VALID_ARCHS)";
			};
			name = Release;
		};
/* End XCBuildConfiguration section */

/* Begin XCConfigurationList section */
		620C843323FA7F23009F6BE7 /* Build configuration list for PBXAggregateTarget "libtesseract" */ = {
			isa = XCConfigurationList;
			buildConfigurations = (
				620C843423FA7F23009F6BE7 /* Debug */,
				620C843523FA7F23009F6BE7 /* Release */,
			);
			defaultConfigurationIsVisible = 0;
			defaultConfigurationName = Release;
		};
		6271A3CE2047A0D7005DB23B /* Build configuration list for PBXProject "SwiftyTesseract" */ = {
			isa = XCConfigurationList;
			buildConfigurations = (
				6271A3E62047A0D7005DB23B /* Debug */,
				6271A3E72047A0D7005DB23B /* Release */,
			);
			defaultConfigurationIsVisible = 0;
			defaultConfigurationName = Release;
		};
		6271A3E82047A0D7005DB23B /* Build configuration list for PBXNativeTarget "SwiftyTesseract" */ = {
			isa = XCConfigurationList;
			buildConfigurations = (
				6271A3E92047A0D7005DB23B /* Debug */,
				6271A3EA2047A0D7005DB23B /* Release */,
			);
			defaultConfigurationIsVisible = 0;
			defaultConfigurationName = Release;
		};
		6271A3EB2047A0D7005DB23B /* Build configuration list for PBXNativeTarget "SwiftyTesseractTests" */ = {
			isa = XCConfigurationList;
			buildConfigurations = (
				6271A3EC2047A0D7005DB23B /* Debug */,
				6271A3ED2047A0D7005DB23B /* Release */,
			);
			defaultConfigurationIsVisible = 0;
			defaultConfigurationName = Release;
		};
/* End XCConfigurationList section */
	};
	rootObject = 6271A3CB2047A0D7005DB23B /* Project object */;
}
