// !$*UTF8*$!
{
	archiveVersion = 1;
	classes = {
	};
	objectVersion = 48;
	objects = {

/* Begin PBXBuildFile section */
		2E1B54AEAF931130A31C1225 /* Pods_SwiftyTesseractTests.framework in Frameworks */ = {isa = PBXBuildFile; fileRef = 613432600BC5F2F4567C4852 /* Pods_SwiftyTesseractTests.framework */; };
		6271A3DE2047A0D7005DB23B /* SwiftyTesseract.framework in Frameworks */ = {isa = PBXBuildFile; fileRef = 6271A3D42047A0D7005DB23B /* SwiftyTesseract.framework */; };
		6271A3E32047A0D7005DB23B /* SwiftyTesseractTests.swift in Sources */ = {isa = PBXBuildFile; fileRef = 6271A3E22047A0D7005DB23B /* SwiftyTesseractTests.swift */; };
		6271A3E52047A0D7005DB23B /* SwiftyTesseract.h in Headers */ = {isa = PBXBuildFile; fileRef = 6271A3D72047A0D7005DB23B /* SwiftyTesseract.h */; settings = {ATTRIBUTES = (Public, ); }; };
		6271A4C92047A360005DB23B /* SwiftyTesseract.swift in Sources */ = {isa = PBXBuildFile; fileRef = 6271A4C82047A360005DB23B /* SwiftyTesseract.swift */; };
		6271A4CC2047A53C005DB23B /* libz.tbd in Frameworks */ = {isa = PBXBuildFile; fileRef = 6271A4CB2047A53C005DB23B /* libz.tbd */; };
		6271A53C2047A78E005DB23B /* jpeglib.h in Headers */ = {isa = PBXBuildFile; fileRef = 6271A4CF2047A78E005DB23B /* jpeglib.h */; };
		6271A53D2047A78E005DB23B /* jerror.h in Headers */ = {isa = PBXBuildFile; fileRef = 6271A4D02047A78E005DB23B /* jerror.h */; };
		6271A53E2047A78E005DB23B /* tiff.h in Headers */ = {isa = PBXBuildFile; fileRef = 6271A4D12047A78E005DB23B /* tiff.h */; };
		6271A53F2047A78E005DB23B /* tiffvers.h in Headers */ = {isa = PBXBuildFile; fileRef = 6271A4D22047A78E005DB23B /* tiffvers.h */; };
		6271A5402047A78E005DB23B /* dotproductsse.h in Headers */ = {isa = PBXBuildFile; fileRef = 6271A4D42047A78E005DB23B /* dotproductsse.h */; };
		6271A5412047A78E005DB23B /* static_shape.h in Headers */ = {isa = PBXBuildFile; fileRef = 6271A4D52047A78E005DB23B /* static_shape.h */; };
		6271A5422047A78E005DB23B /* errcode.h in Headers */ = {isa = PBXBuildFile; fileRef = 6271A4D62047A78E005DB23B /* errcode.h */; };
		6271A5432047A78E005DB23B /* input.h in Headers */ = {isa = PBXBuildFile; fileRef = 6271A4D72047A78E005DB23B /* input.h */; };
		6271A5442047A78E005DB23B /* ltrresultiterator.h in Headers */ = {isa = PBXBuildFile; fileRef = 6271A4D82047A78E005DB23B /* ltrresultiterator.h */; };
		6271A5452047A78E005DB23B /* pageiterator.h in Headers */ = {isa = PBXBuildFile; fileRef = 6271A4D92047A78E005DB23B /* pageiterator.h */; };
		6271A5462047A78E005DB23B /* unicharset.h in Headers */ = {isa = PBXBuildFile; fileRef = 6271A4DA2047A78E005DB23B /* unicharset.h */; };
		6271A5472047A78E005DB23B /* memry.h in Headers */ = {isa = PBXBuildFile; fileRef = 6271A4DB2047A78E005DB23B /* memry.h */; };
		6271A5482047A78E005DB23B /* version.h in Headers */ = {isa = PBXBuildFile; fileRef = 6271A4DC2047A78E005DB23B /* version.h */; };
		6271A5492047A78E005DB23B /* params.h in Headers */ = {isa = PBXBuildFile; fileRef = 6271A4DD2047A78E005DB23B /* params.h */; };
		6271A54A2047A78E005DB23B /* networkio.h in Headers */ = {isa = PBXBuildFile; fileRef = 6271A4DE2047A78E005DB23B /* networkio.h */; };
		6271A54B2047A78E005DB23B /* networkscratch.h in Headers */ = {isa = PBXBuildFile; fileRef = 6271A4DF2047A78E005DB23B /* networkscratch.h */; };
		6271A54C2047A78E005DB23B /* host.h in Headers */ = {isa = PBXBuildFile; fileRef = 6271A4E02047A78E005DB23B /* host.h */; };
		6271A54D2047A78E005DB23B /* apitypes.h in Headers */ = {isa = PBXBuildFile; fileRef = 6271A4E12047A78E005DB23B /* apitypes.h */; };
		6271A54E2047A78E005DB23B /* maxpool.h in Headers */ = {isa = PBXBuildFile; fileRef = 6271A4E22047A78E005DB23B /* maxpool.h */; };
		6271A54F2047A78E005DB23B /* simddetect.h in Headers */ = {isa = PBXBuildFile; fileRef = 6271A4E32047A78E005DB23B /* simddetect.h */; };
		6271A5502047A78E005DB23B /* osdetect.h in Headers */ = {isa = PBXBuildFile; fileRef = 6271A4E42047A78E005DB23B /* osdetect.h */; };
		6271A5512047A78E005DB23B /* intsimdmatrixsse.h in Headers */ = {isa = PBXBuildFile; fileRef = 6271A4E52047A78E005DB23B /* intsimdmatrixsse.h */; };
		6271A5522047A78E005DB23B /* stridemap.h in Headers */ = {isa = PBXBuildFile; fileRef = 6271A4E62047A78E005DB23B /* stridemap.h */; };
		6271A5532047A78E005DB23B /* plumbing.h in Headers */ = {isa = PBXBuildFile; fileRef = 6271A4E72047A78E005DB23B /* plumbing.h */; };
		6271A5542047A78E005DB23B /* renderer.h in Headers */ = {isa = PBXBuildFile; fileRef = 6271A4E82047A78E005DB23B /* renderer.h */; };
		6271A5552047A78E005DB23B /* lstm.h in Headers */ = {isa = PBXBuildFile; fileRef = 6271A4E92047A78E005DB23B /* lstm.h */; };
		6271A5562047A78E005DB23B /* publictypes.h in Headers */ = {isa = PBXBuildFile; fileRef = 6271A4EA2047A78E005DB23B /* publictypes.h */; };
		6271A5572047A78E005DB23B /* unichar.h in Headers */ = {isa = PBXBuildFile; fileRef = 6271A4EB2047A78E005DB23B /* unichar.h */; };
		6271A5582047A78E005DB23B /* convolve.h in Headers */ = {isa = PBXBuildFile; fileRef = 6271A4EC2047A78E005DB23B /* convolve.h */; };
		6271A5592047A78E005DB23B /* ocrclass.h in Headers */ = {isa = PBXBuildFile; fileRef = 6271A4ED2047A78E005DB23B /* ocrclass.h */; };
		6271A55A2047A78E005DB23B /* resultiterator.h in Headers */ = {isa = PBXBuildFile; fileRef = 6271A4EE2047A78E005DB23B /* resultiterator.h */; };
		6271A55B2047A78E005DB23B /* lstmrecognizer.h in Headers */ = {isa = PBXBuildFile; fileRef = 6271A4EF2047A78E005DB23B /* lstmrecognizer.h */; };
		6271A55C2047A78E005DB23B /* unicharcompress.h in Headers */ = {isa = PBXBuildFile; fileRef = 6271A4F02047A78E005DB23B /* unicharcompress.h */; };
		6271A55D2047A78E005DB23B /* ctc.h in Headers */ = {isa = PBXBuildFile; fileRef = 6271A4F12047A78E005DB23B /* ctc.h */; };
		6271A55E2047A78E005DB23B /* tfnetwork.h in Headers */ = {isa = PBXBuildFile; fileRef = 6271A4F22047A78E005DB23B /* tfnetwork.h */; };
		6271A55F2047A78E005DB23B /* serialis.h in Headers */ = {isa = PBXBuildFile; fileRef = 6271A4F32047A78E005DB23B /* serialis.h */; };
		6271A5602047A78E005DB23B /* lstmtrainer.h in Headers */ = {isa = PBXBuildFile; fileRef = 6271A4F42047A78E005DB23B /* lstmtrainer.h */; };
		6271A5612047A78E005DB23B /* network.h in Headers */ = {isa = PBXBuildFile; fileRef = 6271A4F52047A78E005DB23B /* network.h */; };
		6271A5622047A78E005DB23B /* weightmatrix.h in Headers */ = {isa = PBXBuildFile; fileRef = 6271A4F62047A78E005DB23B /* weightmatrix.h */; };
		6271A5632047A78E005DB23B /* fileerr.h in Headers */ = {isa = PBXBuildFile; fileRef = 6271A4F72047A78E005DB23B /* fileerr.h */; };
		6271A5642047A78E005DB23B /* baseapi.h in Headers */ = {isa = PBXBuildFile; fileRef = 6271A4F82047A78E005DB23B /* baseapi.h */; };
		6271A5652047A78E005DB23B /* capi.h in Headers */ = {isa = PBXBuildFile; fileRef = 6271A4F92047A78E005DB23B /* capi.h */; };
		6271A5662047A78E005DB23B /* ndminx.h in Headers */ = {isa = PBXBuildFile; fileRef = 6271A4FA2047A78E005DB23B /* ndminx.h */; };
		6271A5672047A78E005DB23B /* functions.h in Headers */ = {isa = PBXBuildFile; fileRef = 6271A4FB2047A78E005DB23B /* functions.h */; };
		6271A5682047A78E005DB23B /* networkbuilder.h in Headers */ = {isa = PBXBuildFile; fileRef = 6271A4FC2047A78E005DB23B /* networkbuilder.h */; };
		6271A5692047A78E005DB23B /* fullyconnected.h in Headers */ = {isa = PBXBuildFile; fileRef = 6271A4FD2047A78E005DB23B /* fullyconnected.h */; };
		6271A56A2047A78E005DB23B /* recodebeam.h in Headers */ = {isa = PBXBuildFile; fileRef = 6271A4FE2047A78E005DB23B /* recodebeam.h */; };
		6271A56B2047A78E005DB23B /* intsimdmatrixavx2.h in Headers */ = {isa = PBXBuildFile; fileRef = 6271A4FF2047A78E005DB23B /* intsimdmatrixavx2.h */; };
		6271A56C2047A78E005DB23B /* strngs.h in Headers */ = {isa = PBXBuildFile; fileRef = 6271A5002047A78E005DB23B /* strngs.h */; };
		6271A56D2047A78E005DB23B /* genericvector.h in Headers */ = {isa = PBXBuildFile; fileRef = 6271A5012047A78E005DB23B /* genericvector.h */; };
		6271A56E2047A78E005DB23B /* unicharmap.h in Headers */ = {isa = PBXBuildFile; fileRef = 6271A5022047A78E005DB23B /* unicharmap.h */; };
		6271A56F2047A78E005DB23B /* intsimdmatrix.h in Headers */ = {isa = PBXBuildFile; fileRef = 6271A5032047A78E005DB23B /* intsimdmatrix.h */; };
		6271A5702047A78E005DB23B /* basedir.h in Headers */ = {isa = PBXBuildFile; fileRef = 6271A5042047A78E005DB23B /* basedir.h */; };
		6271A5712047A78E005DB23B /* reconfig.h in Headers */ = {isa = PBXBuildFile; fileRef = 6271A5052047A78E005DB23B /* reconfig.h */; };
		6271A5722047A78E005DB23B /* helpers.h in Headers */ = {isa = PBXBuildFile; fileRef = 6271A5062047A78E005DB23B /* helpers.h */; };
		6271A5732047A78E005DB23B /* parallel.h in Headers */ = {isa = PBXBuildFile; fileRef = 6271A5072047A78E005DB23B /* parallel.h */; };
		6271A5742047A78E005DB23B /* thresholder.h in Headers */ = {isa = PBXBuildFile; fileRef = 6271A5082047A78E005DB23B /* thresholder.h */; };
		6271A5752047A78E005DB23B /* platform.h in Headers */ = {isa = PBXBuildFile; fileRef = 6271A5092047A78E005DB23B /* platform.h */; };
		6271A5762047A78E005DB23B /* series.h in Headers */ = {isa = PBXBuildFile; fileRef = 6271A50A2047A78E005DB23B /* series.h */; };
		6271A5772047A78E005DB23B /* dotproductavx.h in Headers */ = {isa = PBXBuildFile; fileRef = 6271A50B2047A78E005DB23B /* dotproductavx.h */; };
		6271A5782047A78E005DB23B /* tesscallback.h in Headers */ = {isa = PBXBuildFile; fileRef = 6271A50C2047A78E005DB23B /* tesscallback.h */; };
		6271A5792047A78E005DB23B /* reversed.h in Headers */ = {isa = PBXBuildFile; fileRef = 6271A50D2047A78E005DB23B /* reversed.h */; };
		6271A57A2047A78E005DB23B /* png.h in Headers */ = {isa = PBXBuildFile; fileRef = 6271A50E2047A78E005DB23B /* png.h */; };
		6271A57B2047A78E005DB23B /* pnglibconf.h in Headers */ = {isa = PBXBuildFile; fileRef = 6271A50F2047A78E005DB23B /* pnglibconf.h */; };
		6271A57C2047A78E005DB23B /* pngconf.h in Headers */ = {isa = PBXBuildFile; fileRef = 6271A5102047A78E005DB23B /* pngconf.h */; };
		6271A57D2047A78E005DB23B /* jconfig.h in Headers */ = {isa = PBXBuildFile; fileRef = 6271A5112047A78E005DB23B /* jconfig.h */; };
		6271A57E2047A78E005DB23B /* jmorecfg.h in Headers */ = {isa = PBXBuildFile; fileRef = 6271A5122047A78E005DB23B /* jmorecfg.h */; };
		6271A57F2047A78E005DB23B /* tiffio.h in Headers */ = {isa = PBXBuildFile; fileRef = 6271A5132047A78E005DB23B /* tiffio.h */; };
		6271A5802047A78E005DB23B /* dewarp.h in Headers */ = {isa = PBXBuildFile; fileRef = 6271A5152047A78E005DB23B /* dewarp.h */; };
		6271A5812047A78E005DB23B /* allheaders.h in Headers */ = {isa = PBXBuildFile; fileRef = 6271A5162047A78E005DB23B /* allheaders.h */; };
		6271A5822047A78E005DB23B /* imageio.h in Headers */ = {isa = PBXBuildFile; fileRef = 6271A5172047A78E005DB23B /* imageio.h */; };
		6271A5832047A78E005DB23B /* bilateral.h in Headers */ = {isa = PBXBuildFile; fileRef = 6271A5182047A78E005DB23B /* bilateral.h */; };
		6271A5842047A78E005DB23B /* morph.h in Headers */ = {isa = PBXBuildFile; fileRef = 6271A5192047A78E005DB23B /* morph.h */; };
		6271A5852047A78E005DB23B /* endianness.h in Headers */ = {isa = PBXBuildFile; fileRef = 6271A51A2047A78E005DB23B /* endianness.h */; };
		6271A5862047A78E005DB23B /* bbuffer.h in Headers */ = {isa = PBXBuildFile; fileRef = 6271A51B2047A78E005DB23B /* bbuffer.h */; };
		6271A5872047A78E005DB23B /* jbclass.h in Headers */ = {isa = PBXBuildFile; fileRef = 6271A51C2047A78E005DB23B /* jbclass.h */; };
		6271A5882047A78E005DB23B /* bmp.h in Headers */ = {isa = PBXBuildFile; fileRef = 6271A51D2047A78E005DB23B /* bmp.h */; };
		6271A5892047A78E005DB23B /* bmf.h in Headers */ = {isa = PBXBuildFile; fileRef = 6271A51E2047A78E005DB23B /* bmf.h */; };
		6271A58A2047A78E005DB23B /* recog.h in Headers */ = {isa = PBXBuildFile; fileRef = 6271A51F2047A78E005DB23B /* recog.h */; };
		6271A58B2047A78E005DB23B /* environ.h in Headers */ = {isa = PBXBuildFile; fileRef = 6271A5202047A78E005DB23B /* environ.h */; };
		6271A58C2047A78E005DB23B /* readbarcode.h in Headers */ = {isa = PBXBuildFile; fileRef = 6271A5212047A78E005DB23B /* readbarcode.h */; };
		6271A58D2047A78E005DB23B /* regutils.h in Headers */ = {isa = PBXBuildFile; fileRef = 6271A5222047A78E005DB23B /* regutils.h */; };
		6271A58E2047A78E005DB23B /* sudoku.h in Headers */ = {isa = PBXBuildFile; fileRef = 6271A5232047A78E005DB23B /* sudoku.h */; };
		6271A58F2047A78E005DB23B /* gplot.h in Headers */ = {isa = PBXBuildFile; fileRef = 6271A5242047A78E005DB23B /* gplot.h */; };
		6271A5902047A78E005DB23B /* list.h in Headers */ = {isa = PBXBuildFile; fileRef = 6271A5252047A78E005DB23B /* list.h */; };
		6271A5912047A78E005DB23B /* rbtree.h in Headers */ = {isa = PBXBuildFile; fileRef = 6271A5262047A78E005DB23B /* rbtree.h */; };
		6271A5922047A78E005DB23B /* stringcode.h in Headers */ = {isa = PBXBuildFile; fileRef = 6271A5272047A78E005DB23B /* stringcode.h */; };
		6271A5932047A78E005DB23B /* array.h in Headers */ = {isa = PBXBuildFile; fileRef = 6271A5282047A78E005DB23B /* array.h */; };
		6271A5942047A78E005DB23B /* ptra.h in Headers */ = {isa = PBXBuildFile; fileRef = 6271A5292047A78E005DB23B /* ptra.h */; };
		6271A5952047A78E005DB23B /* stack.h in Headers */ = {isa = PBXBuildFile; fileRef = 6271A52A2047A78E005DB23B /* stack.h */; };
		6271A5962047A78E005DB23B /* heap.h in Headers */ = {isa = PBXBuildFile; fileRef = 6271A52B2047A78E005DB23B /* heap.h */; };
		6271A5972047A78E005DB23B /* watershed.h in Headers */ = {isa = PBXBuildFile; fileRef = 6271A52C2047A78E005DB23B /* watershed.h */; };
		6271A5982047A78E005DB23B /* ccbord.h in Headers */ = {isa = PBXBuildFile; fileRef = 6271A52D2047A78E005DB23B /* ccbord.h */; };
		6271A5992047A78E005DB23B /* alltypes.h in Headers */ = {isa = PBXBuildFile; fileRef = 6271A52E2047A78E005DB23B /* alltypes.h */; };
		6271A59A2047A78E005DB23B /* leptwin.h in Headers */ = {isa = PBXBuildFile; fileRef = 6271A52F2047A78E005DB23B /* leptwin.h */; };
		6271A59B2047A78E005DB23B /* queue.h in Headers */ = {isa = PBXBuildFile; fileRef = 6271A5302047A78E005DB23B /* queue.h */; };
		6271A59C2047A78E005DB23B /* bmfdata.h in Headers */ = {isa = PBXBuildFile; fileRef = 6271A5312047A78E005DB23B /* bmfdata.h */; };
		6271A59D2047A78E005DB23B /* pix.h in Headers */ = {isa = PBXBuildFile; fileRef = 6271A5322047A78E005DB23B /* pix.h */; };
		6271A59E2047A78E005DB23B /* arrayaccess.h in Headers */ = {isa = PBXBuildFile; fileRef = 6271A5332047A78E005DB23B /* arrayaccess.h */; };
		6271A59F2047A78E005DB23B /* tiffconf.h in Headers */ = {isa = PBXBuildFile; fileRef = 6271A5342047A78E005DB23B /* tiffconf.h */; };
		6271A5A02047A78E005DB23B /* libpng.a in Frameworks */ = {isa = PBXBuildFile; fileRef = 6271A5362047A78E005DB23B /* libpng.a */; };
		6271A5A12047A78E005DB23B /* libtiff.a in Frameworks */ = {isa = PBXBuildFile; fileRef = 6271A5372047A78E005DB23B /* libtiff.a */; };
		6271A5A22047A78E005DB23B /* libtesseract.a in Frameworks */ = {isa = PBXBuildFile; fileRef = 6271A5382047A78E005DB23B /* libtesseract.a */; };
		6271A5A32047A78E005DB23B /* libtiffxx.a in Frameworks */ = {isa = PBXBuildFile; fileRef = 6271A5392047A78E005DB23B /* libtiffxx.a */; };
		6271A5A42047A78E005DB23B /* libjpeg.a in Frameworks */ = {isa = PBXBuildFile; fileRef = 6271A53A2047A78E005DB23B /* libjpeg.a */; };
		6271A5A52047A78E005DB23B /* liblept.a in Frameworks */ = {isa = PBXBuildFile; fileRef = 6271A53B2047A78E005DB23B /* liblept.a */; };
		6271A5A72047B78E005DB23B /* libstdc++.tbd in Frameworks */ = {isa = PBXBuildFile; fileRef = 6271A5A62047B78E005DB23B /* libstdc++.tbd */; };
		629F558C204B3B3B00974B07 /* tessdata in Resources */ = {isa = PBXBuildFile; fileRef = 629F558B204B3B3B00974B07 /* tessdata */; };
		62D7341D206462CF0021C1EC /* RecognitionLanguage.swift in Sources */ = {isa = PBXBuildFile; fileRef = 62D7341C206462CF0021C1EC /* RecognitionLanguage.swift */; };
		62D7341F2064632C0021C1EC /* EngineMode.swift in Sources */ = {isa = PBXBuildFile; fileRef = 62D7341E2064632C0021C1EC /* EngineMode.swift */; };
		62D73423206466FF0021C1EC /* RecognitionLanguageTests.swift in Sources */ = {isa = PBXBuildFile; fileRef = 62D73422206466FF0021C1EC /* RecognitionLanguageTests.swift */; };
		62D7383F20666F7B0021C1EC /* TesseractVariableName.swift in Sources */ = {isa = PBXBuildFile; fileRef = 62D7383E20666F7B0021C1EC /* TesseractVariableName.swift */; };
		62D7384120668C080021C1EC /* TesseractError.swift in Sources */ = {isa = PBXBuildFile; fileRef = 62D7384020668C080021C1EC /* TesseractError.swift */; };
		62D7384520668E350021C1EC /* String+Extensions.swift in Sources */ = {isa = PBXBuildFile; fileRef = 62D7384420668E350021C1EC /* String+Extensions.swift */; };
		62D7384720668E9B0021C1EC /* Bundle+pathToTrainedData.swift in Sources */ = {isa = PBXBuildFile; fileRef = 62D7384620668E9B0021C1EC /* Bundle+pathToTrainedData.swift */; };
		62E3D1D1204879EE0030AB11 /* image_sample.jpg in Resources */ = {isa = PBXBuildFile; fileRef = 62E3D1D0204879EE0030AB11 /* image_sample.jpg */; };
		62E3D1D2204880400030AB11 /* image_sample.jpg in Resources */ = {isa = PBXBuildFile; fileRef = 62E3D1D0204879EE0030AB11 /* image_sample.jpg */; };
		62E3D1E22049FAAE0030AB11 /* IMG_1108.jpg in Resources */ = {isa = PBXBuildFile; fileRef = 62E3D1E12049FAAE0030AB11 /* IMG_1108.jpg */; };
		98082068310220042E2E324A /* Pods_SwiftyTesseract.framework in Frameworks */ = {isa = PBXBuildFile; fileRef = D2A71D362D7E5766DB4CDD91 /* Pods_SwiftyTesseract.framework */; };
/* End PBXBuildFile section */

/* Begin PBXContainerItemProxy section */
		6271A3DF2047A0D7005DB23B /* PBXContainerItemProxy */ = {
			isa = PBXContainerItemProxy;
			containerPortal = 6271A3CB2047A0D7005DB23B /* Project object */;
			proxyType = 1;
			remoteGlobalIDString = 6271A3D32047A0D7005DB23B;
			remoteInfo = SwiftyTesseract;
		};
/* End PBXContainerItemProxy section */

/* Begin PBXFileReference section */
		555B0C2A4D3DC29260711041 /* Pods-SwiftyTesseract.release.xcconfig */ = {isa = PBXFileReference; includeInIndex = 1; lastKnownFileType = text.xcconfig; name = "Pods-SwiftyTesseract.release.xcconfig"; path = "Pods/Target Support Files/Pods-SwiftyTesseract/Pods-SwiftyTesseract.release.xcconfig"; sourceTree = "<group>"; };
		613432600BC5F2F4567C4852 /* Pods_SwiftyTesseractTests.framework */ = {isa = PBXFileReference; explicitFileType = wrapper.framework; includeInIndex = 0; path = Pods_SwiftyTesseractTests.framework; sourceTree = BUILT_PRODUCTS_DIR; };
		6271A3D42047A0D7005DB23B /* SwiftyTesseract.framework */ = {isa = PBXFileReference; explicitFileType = wrapper.framework; includeInIndex = 0; path = SwiftyTesseract.framework; sourceTree = BUILT_PRODUCTS_DIR; };
		6271A3D72047A0D7005DB23B /* SwiftyTesseract.h */ = {isa = PBXFileReference; lastKnownFileType = sourcecode.c.h; path = SwiftyTesseract.h; sourceTree = "<group>"; };
		6271A3D82047A0D7005DB23B /* Info.plist */ = {isa = PBXFileReference; lastKnownFileType = text.plist.xml; path = Info.plist; sourceTree = "<group>"; };
		6271A3DD2047A0D7005DB23B /* SwiftyTesseractTests.xctest */ = {isa = PBXFileReference; explicitFileType = wrapper.cfbundle; includeInIndex = 0; path = SwiftyTesseractTests.xctest; sourceTree = BUILT_PRODUCTS_DIR; };
		6271A3E22047A0D7005DB23B /* SwiftyTesseractTests.swift */ = {isa = PBXFileReference; lastKnownFileType = sourcecode.swift; path = SwiftyTesseractTests.swift; sourceTree = "<group>"; };
		6271A3E42047A0D7005DB23B /* Info.plist */ = {isa = PBXFileReference; lastKnownFileType = text.plist.xml; path = Info.plist; sourceTree = "<group>"; };
		6271A4C82047A360005DB23B /* SwiftyTesseract.swift */ = {isa = PBXFileReference; lastKnownFileType = sourcecode.swift; path = SwiftyTesseract.swift; sourceTree = "<group>"; };
		6271A4CB2047A53C005DB23B /* libz.tbd */ = {isa = PBXFileReference; lastKnownFileType = "sourcecode.text-based-dylib-definition"; name = libz.tbd; path = usr/lib/libz.tbd; sourceTree = SDKROOT; };
		6271A4CF2047A78E005DB23B /* jpeglib.h */ = {isa = PBXFileReference; fileEncoding = 4; lastKnownFileType = sourcecode.c.h; path = jpeglib.h; sourceTree = "<group>"; };
		6271A4D02047A78E005DB23B /* jerror.h */ = {isa = PBXFileReference; fileEncoding = 4; lastKnownFileType = sourcecode.c.h; path = jerror.h; sourceTree = "<group>"; };
		6271A4D12047A78E005DB23B /* tiff.h */ = {isa = PBXFileReference; fileEncoding = 4; lastKnownFileType = sourcecode.c.h; path = tiff.h; sourceTree = "<group>"; };
		6271A4D22047A78E005DB23B /* tiffvers.h */ = {isa = PBXFileReference; fileEncoding = 4; lastKnownFileType = sourcecode.c.h; path = tiffvers.h; sourceTree = "<group>"; };
		6271A4D42047A78E005DB23B /* dotproductsse.h */ = {isa = PBXFileReference; fileEncoding = 4; lastKnownFileType = sourcecode.c.h; path = dotproductsse.h; sourceTree = "<group>"; };
		6271A4D52047A78E005DB23B /* static_shape.h */ = {isa = PBXFileReference; fileEncoding = 4; lastKnownFileType = sourcecode.c.h; path = static_shape.h; sourceTree = "<group>"; };
		6271A4D62047A78E005DB23B /* errcode.h */ = {isa = PBXFileReference; fileEncoding = 4; lastKnownFileType = sourcecode.c.h; path = errcode.h; sourceTree = "<group>"; };
		6271A4D72047A78E005DB23B /* input.h */ = {isa = PBXFileReference; fileEncoding = 4; lastKnownFileType = sourcecode.c.h; path = input.h; sourceTree = "<group>"; };
		6271A4D82047A78E005DB23B /* ltrresultiterator.h */ = {isa = PBXFileReference; fileEncoding = 4; lastKnownFileType = sourcecode.c.h; path = ltrresultiterator.h; sourceTree = "<group>"; };
		6271A4D92047A78E005DB23B /* pageiterator.h */ = {isa = PBXFileReference; fileEncoding = 4; lastKnownFileType = sourcecode.c.h; path = pageiterator.h; sourceTree = "<group>"; };
		6271A4DA2047A78E005DB23B /* unicharset.h */ = {isa = PBXFileReference; fileEncoding = 4; lastKnownFileType = sourcecode.c.h; path = unicharset.h; sourceTree = "<group>"; };
		6271A4DB2047A78E005DB23B /* memry.h */ = {isa = PBXFileReference; fileEncoding = 4; lastKnownFileType = sourcecode.c.h; path = memry.h; sourceTree = "<group>"; };
		6271A4DC2047A78E005DB23B /* version.h */ = {isa = PBXFileReference; fileEncoding = 4; lastKnownFileType = sourcecode.c.h; path = version.h; sourceTree = "<group>"; };
		6271A4DD2047A78E005DB23B /* params.h */ = {isa = PBXFileReference; fileEncoding = 4; lastKnownFileType = sourcecode.c.h; path = params.h; sourceTree = "<group>"; };
		6271A4DE2047A78E005DB23B /* networkio.h */ = {isa = PBXFileReference; fileEncoding = 4; lastKnownFileType = sourcecode.c.h; path = networkio.h; sourceTree = "<group>"; };
		6271A4DF2047A78E005DB23B /* networkscratch.h */ = {isa = PBXFileReference; fileEncoding = 4; lastKnownFileType = sourcecode.c.h; path = networkscratch.h; sourceTree = "<group>"; };
		6271A4E02047A78E005DB23B /* host.h */ = {isa = PBXFileReference; fileEncoding = 4; lastKnownFileType = sourcecode.c.h; path = host.h; sourceTree = "<group>"; };
		6271A4E12047A78E005DB23B /* apitypes.h */ = {isa = PBXFileReference; fileEncoding = 4; lastKnownFileType = sourcecode.c.h; path = apitypes.h; sourceTree = "<group>"; };
		6271A4E22047A78E005DB23B /* maxpool.h */ = {isa = PBXFileReference; fileEncoding = 4; lastKnownFileType = sourcecode.c.h; path = maxpool.h; sourceTree = "<group>"; };
		6271A4E32047A78E005DB23B /* simddetect.h */ = {isa = PBXFileReference; fileEncoding = 4; lastKnownFileType = sourcecode.c.h; path = simddetect.h; sourceTree = "<group>"; };
		6271A4E42047A78E005DB23B /* osdetect.h */ = {isa = PBXFileReference; fileEncoding = 4; lastKnownFileType = sourcecode.c.h; path = osdetect.h; sourceTree = "<group>"; };
		6271A4E52047A78E005DB23B /* intsimdmatrixsse.h */ = {isa = PBXFileReference; fileEncoding = 4; lastKnownFileType = sourcecode.c.h; path = intsimdmatrixsse.h; sourceTree = "<group>"; };
		6271A4E62047A78E005DB23B /* stridemap.h */ = {isa = PBXFileReference; fileEncoding = 4; lastKnownFileType = sourcecode.c.h; path = stridemap.h; sourceTree = "<group>"; };
		6271A4E72047A78E005DB23B /* plumbing.h */ = {isa = PBXFileReference; fileEncoding = 4; lastKnownFileType = sourcecode.c.h; path = plumbing.h; sourceTree = "<group>"; };
		6271A4E82047A78E005DB23B /* renderer.h */ = {isa = PBXFileReference; fileEncoding = 4; lastKnownFileType = sourcecode.c.h; path = renderer.h; sourceTree = "<group>"; };
		6271A4E92047A78E005DB23B /* lstm.h */ = {isa = PBXFileReference; fileEncoding = 4; lastKnownFileType = sourcecode.c.h; path = lstm.h; sourceTree = "<group>"; };
		6271A4EA2047A78E005DB23B /* publictypes.h */ = {isa = PBXFileReference; fileEncoding = 4; lastKnownFileType = sourcecode.c.h; path = publictypes.h; sourceTree = "<group>"; };
		6271A4EB2047A78E005DB23B /* unichar.h */ = {isa = PBXFileReference; fileEncoding = 4; lastKnownFileType = sourcecode.c.h; path = unichar.h; sourceTree = "<group>"; };
		6271A4EC2047A78E005DB23B /* convolve.h */ = {isa = PBXFileReference; fileEncoding = 4; lastKnownFileType = sourcecode.c.h; path = convolve.h; sourceTree = "<group>"; };
		6271A4ED2047A78E005DB23B /* ocrclass.h */ = {isa = PBXFileReference; fileEncoding = 4; lastKnownFileType = sourcecode.c.h; path = ocrclass.h; sourceTree = "<group>"; };
		6271A4EE2047A78E005DB23B /* resultiterator.h */ = {isa = PBXFileReference; fileEncoding = 4; lastKnownFileType = sourcecode.c.h; path = resultiterator.h; sourceTree = "<group>"; };
		6271A4EF2047A78E005DB23B /* lstmrecognizer.h */ = {isa = PBXFileReference; fileEncoding = 4; lastKnownFileType = sourcecode.c.h; path = lstmrecognizer.h; sourceTree = "<group>"; };
		6271A4F02047A78E005DB23B /* unicharcompress.h */ = {isa = PBXFileReference; fileEncoding = 4; lastKnownFileType = sourcecode.c.h; path = unicharcompress.h; sourceTree = "<group>"; };
		6271A4F12047A78E005DB23B /* ctc.h */ = {isa = PBXFileReference; fileEncoding = 4; lastKnownFileType = sourcecode.c.h; path = ctc.h; sourceTree = "<group>"; };
		6271A4F22047A78E005DB23B /* tfnetwork.h */ = {isa = PBXFileReference; fileEncoding = 4; lastKnownFileType = sourcecode.c.h; path = tfnetwork.h; sourceTree = "<group>"; };
		6271A4F32047A78E005DB23B /* serialis.h */ = {isa = PBXFileReference; fileEncoding = 4; lastKnownFileType = sourcecode.c.h; path = serialis.h; sourceTree = "<group>"; };
		6271A4F42047A78E005DB23B /* lstmtrainer.h */ = {isa = PBXFileReference; fileEncoding = 4; lastKnownFileType = sourcecode.c.h; path = lstmtrainer.h; sourceTree = "<group>"; };
		6271A4F52047A78E005DB23B /* network.h */ = {isa = PBXFileReference; fileEncoding = 4; lastKnownFileType = sourcecode.c.h; path = network.h; sourceTree = "<group>"; };
		6271A4F62047A78E005DB23B /* weightmatrix.h */ = {isa = PBXFileReference; fileEncoding = 4; lastKnownFileType = sourcecode.c.h; path = weightmatrix.h; sourceTree = "<group>"; };
		6271A4F72047A78E005DB23B /* fileerr.h */ = {isa = PBXFileReference; fileEncoding = 4; lastKnownFileType = sourcecode.c.h; path = fileerr.h; sourceTree = "<group>"; };
		6271A4F82047A78E005DB23B /* baseapi.h */ = {isa = PBXFileReference; fileEncoding = 4; lastKnownFileType = sourcecode.c.h; path = baseapi.h; sourceTree = "<group>"; };
		6271A4F92047A78E005DB23B /* capi.h */ = {isa = PBXFileReference; fileEncoding = 4; lastKnownFileType = sourcecode.c.h; path = capi.h; sourceTree = "<group>"; };
		6271A4FA2047A78E005DB23B /* ndminx.h */ = {isa = PBXFileReference; fileEncoding = 4; lastKnownFileType = sourcecode.c.h; path = ndminx.h; sourceTree = "<group>"; };
		6271A4FB2047A78E005DB23B /* functions.h */ = {isa = PBXFileReference; fileEncoding = 4; lastKnownFileType = sourcecode.c.h; path = functions.h; sourceTree = "<group>"; };
		6271A4FC2047A78E005DB23B /* networkbuilder.h */ = {isa = PBXFileReference; fileEncoding = 4; lastKnownFileType = sourcecode.c.h; path = networkbuilder.h; sourceTree = "<group>"; };
		6271A4FD2047A78E005DB23B /* fullyconnected.h */ = {isa = PBXFileReference; fileEncoding = 4; lastKnownFileType = sourcecode.c.h; path = fullyconnected.h; sourceTree = "<group>"; };
		6271A4FE2047A78E005DB23B /* recodebeam.h */ = {isa = PBXFileReference; fileEncoding = 4; lastKnownFileType = sourcecode.c.h; path = recodebeam.h; sourceTree = "<group>"; };
		6271A4FF2047A78E005DB23B /* intsimdmatrixavx2.h */ = {isa = PBXFileReference; fileEncoding = 4; lastKnownFileType = sourcecode.c.h; path = intsimdmatrixavx2.h; sourceTree = "<group>"; };
		6271A5002047A78E005DB23B /* strngs.h */ = {isa = PBXFileReference; fileEncoding = 4; lastKnownFileType = sourcecode.c.h; path = strngs.h; sourceTree = "<group>"; };
		6271A5012047A78E005DB23B /* genericvector.h */ = {isa = PBXFileReference; fileEncoding = 4; lastKnownFileType = sourcecode.c.h; path = genericvector.h; sourceTree = "<group>"; };
		6271A5022047A78E005DB23B /* unicharmap.h */ = {isa = PBXFileReference; fileEncoding = 4; lastKnownFileType = sourcecode.c.h; path = unicharmap.h; sourceTree = "<group>"; };
		6271A5032047A78E005DB23B /* intsimdmatrix.h */ = {isa = PBXFileReference; fileEncoding = 4; lastKnownFileType = sourcecode.c.h; path = intsimdmatrix.h; sourceTree = "<group>"; };
		6271A5042047A78E005DB23B /* basedir.h */ = {isa = PBXFileReference; fileEncoding = 4; lastKnownFileType = sourcecode.c.h; path = basedir.h; sourceTree = "<group>"; };
		6271A5052047A78E005DB23B /* reconfig.h */ = {isa = PBXFileReference; fileEncoding = 4; lastKnownFileType = sourcecode.c.h; path = reconfig.h; sourceTree = "<group>"; };
		6271A5062047A78E005DB23B /* helpers.h */ = {isa = PBXFileReference; fileEncoding = 4; lastKnownFileType = sourcecode.c.h; path = helpers.h; sourceTree = "<group>"; };
		6271A5072047A78E005DB23B /* parallel.h */ = {isa = PBXFileReference; fileEncoding = 4; lastKnownFileType = sourcecode.c.h; path = parallel.h; sourceTree = "<group>"; };
		6271A5082047A78E005DB23B /* thresholder.h */ = {isa = PBXFileReference; fileEncoding = 4; lastKnownFileType = sourcecode.c.h; path = thresholder.h; sourceTree = "<group>"; };
		6271A5092047A78E005DB23B /* platform.h */ = {isa = PBXFileReference; fileEncoding = 4; lastKnownFileType = sourcecode.c.h; path = platform.h; sourceTree = "<group>"; };
		6271A50A2047A78E005DB23B /* series.h */ = {isa = PBXFileReference; fileEncoding = 4; lastKnownFileType = sourcecode.c.h; path = series.h; sourceTree = "<group>"; };
		6271A50B2047A78E005DB23B /* dotproductavx.h */ = {isa = PBXFileReference; fileEncoding = 4; lastKnownFileType = sourcecode.c.h; path = dotproductavx.h; sourceTree = "<group>"; };
		6271A50C2047A78E005DB23B /* tesscallback.h */ = {isa = PBXFileReference; fileEncoding = 4; lastKnownFileType = sourcecode.c.h; path = tesscallback.h; sourceTree = "<group>"; };
		6271A50D2047A78E005DB23B /* reversed.h */ = {isa = PBXFileReference; fileEncoding = 4; lastKnownFileType = sourcecode.c.h; path = reversed.h; sourceTree = "<group>"; };
		6271A50E2047A78E005DB23B /* png.h */ = {isa = PBXFileReference; fileEncoding = 4; lastKnownFileType = sourcecode.c.h; path = png.h; sourceTree = "<group>"; };
		6271A50F2047A78E005DB23B /* pnglibconf.h */ = {isa = PBXFileReference; fileEncoding = 4; lastKnownFileType = sourcecode.c.h; path = pnglibconf.h; sourceTree = "<group>"; };
		6271A5102047A78E005DB23B /* pngconf.h */ = {isa = PBXFileReference; fileEncoding = 4; lastKnownFileType = sourcecode.c.h; path = pngconf.h; sourceTree = "<group>"; };
		6271A5112047A78E005DB23B /* jconfig.h */ = {isa = PBXFileReference; fileEncoding = 4; lastKnownFileType = sourcecode.c.h; path = jconfig.h; sourceTree = "<group>"; };
		6271A5122047A78E005DB23B /* jmorecfg.h */ = {isa = PBXFileReference; fileEncoding = 4; lastKnownFileType = sourcecode.c.h; path = jmorecfg.h; sourceTree = "<group>"; };
		6271A5132047A78E005DB23B /* tiffio.h */ = {isa = PBXFileReference; fileEncoding = 4; lastKnownFileType = sourcecode.c.h; path = tiffio.h; sourceTree = "<group>"; };
		6271A5152047A78E005DB23B /* dewarp.h */ = {isa = PBXFileReference; fileEncoding = 4; lastKnownFileType = sourcecode.c.h; path = dewarp.h; sourceTree = "<group>"; };
		6271A5162047A78E005DB23B /* allheaders.h */ = {isa = PBXFileReference; fileEncoding = 4; lastKnownFileType = sourcecode.c.h; path = allheaders.h; sourceTree = "<group>"; };
		6271A5172047A78E005DB23B /* imageio.h */ = {isa = PBXFileReference; fileEncoding = 4; lastKnownFileType = sourcecode.c.h; path = imageio.h; sourceTree = "<group>"; };
		6271A5182047A78E005DB23B /* bilateral.h */ = {isa = PBXFileReference; fileEncoding = 4; lastKnownFileType = sourcecode.c.h; path = bilateral.h; sourceTree = "<group>"; };
		6271A5192047A78E005DB23B /* morph.h */ = {isa = PBXFileReference; fileEncoding = 4; lastKnownFileType = sourcecode.c.h; path = morph.h; sourceTree = "<group>"; };
		6271A51A2047A78E005DB23B /* endianness.h */ = {isa = PBXFileReference; fileEncoding = 4; lastKnownFileType = sourcecode.c.h; path = endianness.h; sourceTree = "<group>"; };
		6271A51B2047A78E005DB23B /* bbuffer.h */ = {isa = PBXFileReference; fileEncoding = 4; lastKnownFileType = sourcecode.c.h; path = bbuffer.h; sourceTree = "<group>"; };
		6271A51C2047A78E005DB23B /* jbclass.h */ = {isa = PBXFileReference; fileEncoding = 4; lastKnownFileType = sourcecode.c.h; path = jbclass.h; sourceTree = "<group>"; };
		6271A51D2047A78E005DB23B /* bmp.h */ = {isa = PBXFileReference; fileEncoding = 4; lastKnownFileType = sourcecode.c.h; path = bmp.h; sourceTree = "<group>"; };
		6271A51E2047A78E005DB23B /* bmf.h */ = {isa = PBXFileReference; fileEncoding = 4; lastKnownFileType = sourcecode.c.h; path = bmf.h; sourceTree = "<group>"; };
		6271A51F2047A78E005DB23B /* recog.h */ = {isa = PBXFileReference; fileEncoding = 4; lastKnownFileType = sourcecode.c.h; path = recog.h; sourceTree = "<group>"; };
		6271A5202047A78E005DB23B /* environ.h */ = {isa = PBXFileReference; fileEncoding = 4; lastKnownFileType = sourcecode.c.h; path = environ.h; sourceTree = "<group>"; };
		6271A5212047A78E005DB23B /* readbarcode.h */ = {isa = PBXFileReference; fileEncoding = 4; lastKnownFileType = sourcecode.c.h; path = readbarcode.h; sourceTree = "<group>"; };
		6271A5222047A78E005DB23B /* regutils.h */ = {isa = PBXFileReference; fileEncoding = 4; lastKnownFileType = sourcecode.c.h; path = regutils.h; sourceTree = "<group>"; };
		6271A5232047A78E005DB23B /* sudoku.h */ = {isa = PBXFileReference; fileEncoding = 4; lastKnownFileType = sourcecode.c.h; path = sudoku.h; sourceTree = "<group>"; };
		6271A5242047A78E005DB23B /* gplot.h */ = {isa = PBXFileReference; fileEncoding = 4; lastKnownFileType = sourcecode.c.h; path = gplot.h; sourceTree = "<group>"; };
		6271A5252047A78E005DB23B /* list.h */ = {isa = PBXFileReference; fileEncoding = 4; lastKnownFileType = sourcecode.c.h; path = list.h; sourceTree = "<group>"; };
		6271A5262047A78E005DB23B /* rbtree.h */ = {isa = PBXFileReference; fileEncoding = 4; lastKnownFileType = sourcecode.c.h; path = rbtree.h; sourceTree = "<group>"; };
		6271A5272047A78E005DB23B /* stringcode.h */ = {isa = PBXFileReference; fileEncoding = 4; lastKnownFileType = sourcecode.c.h; path = stringcode.h; sourceTree = "<group>"; };
		6271A5282047A78E005DB23B /* array.h */ = {isa = PBXFileReference; fileEncoding = 4; lastKnownFileType = sourcecode.c.h; path = array.h; sourceTree = "<group>"; };
		6271A5292047A78E005DB23B /* ptra.h */ = {isa = PBXFileReference; fileEncoding = 4; lastKnownFileType = sourcecode.c.h; path = ptra.h; sourceTree = "<group>"; };
		6271A52A2047A78E005DB23B /* stack.h */ = {isa = PBXFileReference; fileEncoding = 4; lastKnownFileType = sourcecode.c.h; path = stack.h; sourceTree = "<group>"; };
		6271A52B2047A78E005DB23B /* heap.h */ = {isa = PBXFileReference; fileEncoding = 4; lastKnownFileType = sourcecode.c.h; path = heap.h; sourceTree = "<group>"; };
		6271A52C2047A78E005DB23B /* watershed.h */ = {isa = PBXFileReference; fileEncoding = 4; lastKnownFileType = sourcecode.c.h; path = watershed.h; sourceTree = "<group>"; };
		6271A52D2047A78E005DB23B /* ccbord.h */ = {isa = PBXFileReference; fileEncoding = 4; lastKnownFileType = sourcecode.c.h; path = ccbord.h; sourceTree = "<group>"; };
		6271A52E2047A78E005DB23B /* alltypes.h */ = {isa = PBXFileReference; fileEncoding = 4; lastKnownFileType = sourcecode.c.h; path = alltypes.h; sourceTree = "<group>"; };
		6271A52F2047A78E005DB23B /* leptwin.h */ = {isa = PBXFileReference; fileEncoding = 4; lastKnownFileType = sourcecode.c.h; path = leptwin.h; sourceTree = "<group>"; };
		6271A5302047A78E005DB23B /* queue.h */ = {isa = PBXFileReference; fileEncoding = 4; lastKnownFileType = sourcecode.c.h; path = queue.h; sourceTree = "<group>"; };
		6271A5312047A78E005DB23B /* bmfdata.h */ = {isa = PBXFileReference; fileEncoding = 4; lastKnownFileType = sourcecode.c.h; path = bmfdata.h; sourceTree = "<group>"; };
		6271A5322047A78E005DB23B /* pix.h */ = {isa = PBXFileReference; fileEncoding = 4; lastKnownFileType = sourcecode.c.h; path = pix.h; sourceTree = "<group>"; };
		6271A5332047A78E005DB23B /* arrayaccess.h */ = {isa = PBXFileReference; fileEncoding = 4; lastKnownFileType = sourcecode.c.h; path = arrayaccess.h; sourceTree = "<group>"; };
		6271A5342047A78E005DB23B /* tiffconf.h */ = {isa = PBXFileReference; fileEncoding = 4; lastKnownFileType = sourcecode.c.h; path = tiffconf.h; sourceTree = "<group>"; };
		6271A5362047A78E005DB23B /* libpng.a */ = {isa = PBXFileReference; lastKnownFileType = archive.ar; path = libpng.a; sourceTree = "<group>"; };
		6271A5372047A78E005DB23B /* libtiff.a */ = {isa = PBXFileReference; lastKnownFileType = archive.ar; path = libtiff.a; sourceTree = "<group>"; };
		6271A5382047A78E005DB23B /* libtesseract.a */ = {isa = PBXFileReference; lastKnownFileType = archive.ar; path = libtesseract.a; sourceTree = "<group>"; };
		6271A5392047A78E005DB23B /* libtiffxx.a */ = {isa = PBXFileReference; lastKnownFileType = archive.ar; path = libtiffxx.a; sourceTree = "<group>"; };
		6271A53A2047A78E005DB23B /* libjpeg.a */ = {isa = PBXFileReference; lastKnownFileType = archive.ar; path = libjpeg.a; sourceTree = "<group>"; };
		6271A53B2047A78E005DB23B /* liblept.a */ = {isa = PBXFileReference; lastKnownFileType = archive.ar; path = liblept.a; sourceTree = "<group>"; };
		6271A5A62047B78E005DB23B /* libstdc++.tbd */ = {isa = PBXFileReference; lastKnownFileType = "sourcecode.text-based-dylib-definition"; name = "libstdc++.tbd"; path = "usr/lib/libstdc++.tbd"; sourceTree = SDKROOT; };
		6271A5E42047C851005DB23B /* module.modulemap */ = {isa = PBXFileReference; fileEncoding = 4; lastKnownFileType = "sourcecode.module-map"; path = module.modulemap; sourceTree = "<group>"; };
		629F558B204B3B3B00974B07 /* tessdata */ = {isa = PBXFileReference; lastKnownFileType = folder; path = tessdata; sourceTree = "<group>"; };
		62D7341C206462CF0021C1EC /* RecognitionLanguage.swift */ = {isa = PBXFileReference; lastKnownFileType = sourcecode.swift; path = RecognitionLanguage.swift; sourceTree = "<group>"; };
		62D7341E2064632C0021C1EC /* EngineMode.swift */ = {isa = PBXFileReference; lastKnownFileType = sourcecode.swift; path = EngineMode.swift; sourceTree = "<group>"; };
		62D73422206466FF0021C1EC /* RecognitionLanguageTests.swift */ = {isa = PBXFileReference; lastKnownFileType = sourcecode.swift; path = RecognitionLanguageTests.swift; sourceTree = "<group>"; };
		62D7383E20666F7B0021C1EC /* TesseractVariableName.swift */ = {isa = PBXFileReference; lastKnownFileType = sourcecode.swift; path = TesseractVariableName.swift; sourceTree = "<group>"; };
		62D7384020668C080021C1EC /* TesseractError.swift */ = {isa = PBXFileReference; lastKnownFileType = sourcecode.swift; path = TesseractError.swift; sourceTree = "<group>"; };
		62D7384420668E350021C1EC /* String+Extensions.swift */ = {isa = PBXFileReference; lastKnownFileType = sourcecode.swift; path = "String+Extensions.swift"; sourceTree = "<group>"; };
		62D7384620668E9B0021C1EC /* Bundle+pathToTrainedData.swift */ = {isa = PBXFileReference; lastKnownFileType = sourcecode.swift; path = "Bundle+pathToTrainedData.swift"; sourceTree = "<group>"; };
		62E3D1D0204879EE0030AB11 /* image_sample.jpg */ = {isa = PBXFileReference; lastKnownFileType = image.jpeg; path = image_sample.jpg; sourceTree = "<group>"; };
		62E3D1E12049FAAE0030AB11 /* IMG_1108.jpg */ = {isa = PBXFileReference; lastKnownFileType = image.jpeg; path = IMG_1108.jpg; sourceTree = "<group>"; };
		7F4D3A671B6CBE3472D85DBB /* Pods-SwiftyTesseract.debug.xcconfig */ = {isa = PBXFileReference; includeInIndex = 1; lastKnownFileType = text.xcconfig; name = "Pods-SwiftyTesseract.debug.xcconfig"; path = "Pods/Target Support Files/Pods-SwiftyTesseract/Pods-SwiftyTesseract.debug.xcconfig"; sourceTree = "<group>"; };
		BB1ED64C8AA56E2E0AA451E3 /* Pods-SwiftyTesseractTests.debug.xcconfig */ = {isa = PBXFileReference; includeInIndex = 1; lastKnownFileType = text.xcconfig; name = "Pods-SwiftyTesseractTests.debug.xcconfig"; path = "Pods/Target Support Files/Pods-SwiftyTesseractTests/Pods-SwiftyTesseractTests.debug.xcconfig"; sourceTree = "<group>"; };
		D2A71D362D7E5766DB4CDD91 /* Pods_SwiftyTesseract.framework */ = {isa = PBXFileReference; explicitFileType = wrapper.framework; includeInIndex = 0; path = Pods_SwiftyTesseract.framework; sourceTree = BUILT_PRODUCTS_DIR; };
		FBF41308E792846E0C28A9C3 /* Pods-SwiftyTesseractTests.release.xcconfig */ = {isa = PBXFileReference; includeInIndex = 1; lastKnownFileType = text.xcconfig; name = "Pods-SwiftyTesseractTests.release.xcconfig"; path = "Pods/Target Support Files/Pods-SwiftyTesseractTests/Pods-SwiftyTesseractTests.release.xcconfig"; sourceTree = "<group>"; };
/* End PBXFileReference section */

/* Begin PBXFrameworksBuildPhase section */
		6271A3D02047A0D7005DB23B /* Frameworks */ = {
			isa = PBXFrameworksBuildPhase;
			buildActionMask = 2147483647;
			files = (
				6271A5A72047B78E005DB23B /* libstdc++.tbd in Frameworks */,
				6271A5A52047A78E005DB23B /* liblept.a in Frameworks */,
				6271A4CC2047A53C005DB23B /* libz.tbd in Frameworks */,
				6271A5A32047A78E005DB23B /* libtiffxx.a in Frameworks */,
				6271A5A02047A78E005DB23B /* libpng.a in Frameworks */,
				6271A5A22047A78E005DB23B /* libtesseract.a in Frameworks */,
				6271A5A12047A78E005DB23B /* libtiff.a in Frameworks */,
				6271A5A42047A78E005DB23B /* libjpeg.a in Frameworks */,
				98082068310220042E2E324A /* Pods_SwiftyTesseract.framework in Frameworks */,
			);
			runOnlyForDeploymentPostprocessing = 0;
		};
		6271A3DA2047A0D7005DB23B /* Frameworks */ = {
			isa = PBXFrameworksBuildPhase;
			buildActionMask = 2147483647;
			files = (
				6271A3DE2047A0D7005DB23B /* SwiftyTesseract.framework in Frameworks */,
				2E1B54AEAF931130A31C1225 /* Pods_SwiftyTesseractTests.framework in Frameworks */,
			);
			runOnlyForDeploymentPostprocessing = 0;
		};
/* End PBXFrameworksBuildPhase section */

/* Begin PBXGroup section */
		6271A3CA2047A0D7005DB23B = {
			isa = PBXGroup;
			children = (
				6271A3D62047A0D7005DB23B /* SwiftyTesseract */,
				6271A3E12047A0D7005DB23B /* SwiftyTesseractTests */,
				6271A3D52047A0D7005DB23B /* Products */,
				6271A4CA2047A53C005DB23B /* Frameworks */,
				7E75A066A1DD3FB009653A4C /* Pods */,
			);
			sourceTree = "<group>";
		};
		6271A3D52047A0D7005DB23B /* Products */ = {
			isa = PBXGroup;
			children = (
				6271A3D42047A0D7005DB23B /* SwiftyTesseract.framework */,
				6271A3DD2047A0D7005DB23B /* SwiftyTesseractTests.xctest */,
			);
			name = Products;
			sourceTree = "<group>";
		};
		6271A3D62047A0D7005DB23B /* SwiftyTesseract */ = {
			isa = PBXGroup;
			children = (
				6271A4CD2047A78E005DB23B /* dependencies */,
				62D7384220668DFD0021C1EC /* Enums */,
				62D7384320668E190021C1EC /* Extensions */,
				6271A4C82047A360005DB23B /* SwiftyTesseract.swift */,
				6271A3D72047A0D7005DB23B /* SwiftyTesseract.h */,
				6271A3D82047A0D7005DB23B /* Info.plist */,
			);
			path = SwiftyTesseract;
			sourceTree = "<group>";
		};
		6271A3E12047A0D7005DB23B /* SwiftyTesseractTests */ = {
			isa = PBXGroup;
			children = (
				629F558B204B3B3B00974B07 /* tessdata */,
				62E3D1D0204879EE0030AB11 /* image_sample.jpg */,
				62E3D1E12049FAAE0030AB11 /* IMG_1108.jpg */,
				6271A3E22047A0D7005DB23B /* SwiftyTesseractTests.swift */,
				6271A3E42047A0D7005DB23B /* Info.plist */,
				62D73422206466FF0021C1EC /* RecognitionLanguageTests.swift */,
			);
			path = SwiftyTesseractTests;
			sourceTree = "<group>";
		};
		6271A4CA2047A53C005DB23B /* Frameworks */ = {
			isa = PBXGroup;
			children = (
				6271A5A62047B78E005DB23B /* libstdc++.tbd */,
				6271A4CB2047A53C005DB23B /* libz.tbd */,
				D2A71D362D7E5766DB4CDD91 /* Pods_SwiftyTesseract.framework */,
				613432600BC5F2F4567C4852 /* Pods_SwiftyTesseractTests.framework */,
			);
			name = Frameworks;
			sourceTree = "<group>";
		};
		6271A4CD2047A78E005DB23B /* dependencies */ = {
			isa = PBXGroup;
			children = (
				6271A4CE2047A78E005DB23B /* include */,
				6271A5352047A78E005DB23B /* lib */,
			);
			path = dependencies;
			sourceTree = "<group>";
		};
		6271A4CE2047A78E005DB23B /* include */ = {
			isa = PBXGroup;
			children = (
				6271A4CF2047A78E005DB23B /* jpeglib.h */,
				6271A4D02047A78E005DB23B /* jerror.h */,
				6271A4D12047A78E005DB23B /* tiff.h */,
				6271A4D22047A78E005DB23B /* tiffvers.h */,
				6271A4D32047A78E005DB23B /* tesseract */,
				6271A50E2047A78E005DB23B /* png.h */,
				6271A50F2047A78E005DB23B /* pnglibconf.h */,
				6271A5102047A78E005DB23B /* pngconf.h */,
				6271A5112047A78E005DB23B /* jconfig.h */,
				6271A5122047A78E005DB23B /* jmorecfg.h */,
				6271A5132047A78E005DB23B /* tiffio.h */,
				6271A5142047A78E005DB23B /* leptonica */,
				6271A5342047A78E005DB23B /* tiffconf.h */,
			);
			path = include;
			sourceTree = "<group>";
		};
		6271A4D32047A78E005DB23B /* tesseract */ = {
			isa = PBXGroup;
			children = (
				6271A5E42047C851005DB23B /* module.modulemap */,
				6271A4D42047A78E005DB23B /* dotproductsse.h */,
				6271A4D52047A78E005DB23B /* static_shape.h */,
				6271A4D62047A78E005DB23B /* errcode.h */,
				6271A4D72047A78E005DB23B /* input.h */,
				6271A4D82047A78E005DB23B /* ltrresultiterator.h */,
				6271A4D92047A78E005DB23B /* pageiterator.h */,
				6271A4DA2047A78E005DB23B /* unicharset.h */,
				6271A4DB2047A78E005DB23B /* memry.h */,
				6271A4DC2047A78E005DB23B /* version.h */,
				6271A4DD2047A78E005DB23B /* params.h */,
				6271A4DE2047A78E005DB23B /* networkio.h */,
				6271A4DF2047A78E005DB23B /* networkscratch.h */,
				6271A4E02047A78E005DB23B /* host.h */,
				6271A4E12047A78E005DB23B /* apitypes.h */,
				6271A4E22047A78E005DB23B /* maxpool.h */,
				6271A4E32047A78E005DB23B /* simddetect.h */,
				6271A4E42047A78E005DB23B /* osdetect.h */,
				6271A4E52047A78E005DB23B /* intsimdmatrixsse.h */,
				6271A4E62047A78E005DB23B /* stridemap.h */,
				6271A4E72047A78E005DB23B /* plumbing.h */,
				6271A4E82047A78E005DB23B /* renderer.h */,
				6271A4E92047A78E005DB23B /* lstm.h */,
				6271A4EA2047A78E005DB23B /* publictypes.h */,
				6271A4EB2047A78E005DB23B /* unichar.h */,
				6271A4EC2047A78E005DB23B /* convolve.h */,
				6271A4ED2047A78E005DB23B /* ocrclass.h */,
				6271A4EE2047A78E005DB23B /* resultiterator.h */,
				6271A4EF2047A78E005DB23B /* lstmrecognizer.h */,
				6271A4F02047A78E005DB23B /* unicharcompress.h */,
				6271A4F12047A78E005DB23B /* ctc.h */,
				6271A4F22047A78E005DB23B /* tfnetwork.h */,
				6271A4F32047A78E005DB23B /* serialis.h */,
				6271A4F42047A78E005DB23B /* lstmtrainer.h */,
				6271A4F52047A78E005DB23B /* network.h */,
				6271A4F62047A78E005DB23B /* weightmatrix.h */,
				6271A4F72047A78E005DB23B /* fileerr.h */,
				6271A4F82047A78E005DB23B /* baseapi.h */,
				6271A4F92047A78E005DB23B /* capi.h */,
				6271A4FA2047A78E005DB23B /* ndminx.h */,
				6271A4FB2047A78E005DB23B /* functions.h */,
				6271A4FC2047A78E005DB23B /* networkbuilder.h */,
				6271A4FD2047A78E005DB23B /* fullyconnected.h */,
				6271A4FE2047A78E005DB23B /* recodebeam.h */,
				6271A4FF2047A78E005DB23B /* intsimdmatrixavx2.h */,
				6271A5002047A78E005DB23B /* strngs.h */,
				6271A5012047A78E005DB23B /* genericvector.h */,
				6271A5022047A78E005DB23B /* unicharmap.h */,
				6271A5032047A78E005DB23B /* intsimdmatrix.h */,
				6271A5042047A78E005DB23B /* basedir.h */,
				6271A5052047A78E005DB23B /* reconfig.h */,
				6271A5062047A78E005DB23B /* helpers.h */,
				6271A5072047A78E005DB23B /* parallel.h */,
				6271A5082047A78E005DB23B /* thresholder.h */,
				6271A5092047A78E005DB23B /* platform.h */,
				6271A50A2047A78E005DB23B /* series.h */,
				6271A50B2047A78E005DB23B /* dotproductavx.h */,
				6271A50C2047A78E005DB23B /* tesscallback.h */,
				6271A50D2047A78E005DB23B /* reversed.h */,
			);
			path = tesseract;
			sourceTree = "<group>";
		};
		6271A5142047A78E005DB23B /* leptonica */ = {
			isa = PBXGroup;
			children = (
				6271A5152047A78E005DB23B /* dewarp.h */,
				6271A5162047A78E005DB23B /* allheaders.h */,
				6271A5172047A78E005DB23B /* imageio.h */,
				6271A5182047A78E005DB23B /* bilateral.h */,
				6271A5192047A78E005DB23B /* morph.h */,
				6271A51A2047A78E005DB23B /* endianness.h */,
				6271A51B2047A78E005DB23B /* bbuffer.h */,
				6271A51C2047A78E005DB23B /* jbclass.h */,
				6271A51D2047A78E005DB23B /* bmp.h */,
				6271A51E2047A78E005DB23B /* bmf.h */,
				6271A51F2047A78E005DB23B /* recog.h */,
				6271A5202047A78E005DB23B /* environ.h */,
				6271A5212047A78E005DB23B /* readbarcode.h */,
				6271A5222047A78E005DB23B /* regutils.h */,
				6271A5232047A78E005DB23B /* sudoku.h */,
				6271A5242047A78E005DB23B /* gplot.h */,
				6271A5252047A78E005DB23B /* list.h */,
				6271A5262047A78E005DB23B /* rbtree.h */,
				6271A5272047A78E005DB23B /* stringcode.h */,
				6271A5282047A78E005DB23B /* array.h */,
				6271A5292047A78E005DB23B /* ptra.h */,
				6271A52A2047A78E005DB23B /* stack.h */,
				6271A52B2047A78E005DB23B /* heap.h */,
				6271A52C2047A78E005DB23B /* watershed.h */,
				6271A52D2047A78E005DB23B /* ccbord.h */,
				6271A52E2047A78E005DB23B /* alltypes.h */,
				6271A52F2047A78E005DB23B /* leptwin.h */,
				6271A5302047A78E005DB23B /* queue.h */,
				6271A5312047A78E005DB23B /* bmfdata.h */,
				6271A5322047A78E005DB23B /* pix.h */,
				6271A5332047A78E005DB23B /* arrayaccess.h */,
			);
			path = leptonica;
			sourceTree = "<group>";
		};
		6271A5352047A78E005DB23B /* lib */ = {
			isa = PBXGroup;
			children = (
				6271A5362047A78E005DB23B /* libpng.a */,
				6271A5372047A78E005DB23B /* libtiff.a */,
				6271A5382047A78E005DB23B /* libtesseract.a */,
				6271A5392047A78E005DB23B /* libtiffxx.a */,
				6271A53A2047A78E005DB23B /* libjpeg.a */,
				6271A53B2047A78E005DB23B /* liblept.a */,
			);
			path = lib;
			sourceTree = "<group>";
		};
		62D7384220668DFD0021C1EC /* Enums */ = {
			isa = PBXGroup;
			children = (
				62D7341C206462CF0021C1EC /* RecognitionLanguage.swift */,
				62D7341E2064632C0021C1EC /* EngineMode.swift */,
				62D7383E20666F7B0021C1EC /* TesseractVariableName.swift */,
				62D7384020668C080021C1EC /* TesseractError.swift */,
			);
			path = Enums;
			sourceTree = "<group>";
		};
		62D7384320668E190021C1EC /* Extensions */ = {
			isa = PBXGroup;
			children = (
				62D7384420668E350021C1EC /* String+Extensions.swift */,
				62D7384620668E9B0021C1EC /* Bundle+pathToTrainedData.swift */,
			);
			path = Extensions;
			sourceTree = "<group>";
		};
		7E75A066A1DD3FB009653A4C /* Pods */ = {
			isa = PBXGroup;
			children = (
				7F4D3A671B6CBE3472D85DBB /* Pods-SwiftyTesseract.debug.xcconfig */,
				555B0C2A4D3DC29260711041 /* Pods-SwiftyTesseract.release.xcconfig */,
				BB1ED64C8AA56E2E0AA451E3 /* Pods-SwiftyTesseractTests.debug.xcconfig */,
				FBF41308E792846E0C28A9C3 /* Pods-SwiftyTesseractTests.release.xcconfig */,
			);
			name = Pods;
			sourceTree = "<group>";
		};
/* End PBXGroup section */

/* Begin PBXHeadersBuildPhase section */
		6271A3D12047A0D7005DB23B /* Headers */ = {
			isa = PBXHeadersBuildPhase;
			buildActionMask = 2147483647;
			files = (
				6271A3E52047A0D7005DB23B /* SwiftyTesseract.h in Headers */,
				6271A5652047A78E005DB23B /* capi.h in Headers */,
				6271A5752047A78E005DB23B /* platform.h in Headers */,
				6271A58D2047A78E005DB23B /* regutils.h in Headers */,
				6271A54C2047A78E005DB23B /* host.h in Headers */,
				6271A59A2047A78E005DB23B /* leptwin.h in Headers */,
				6271A57E2047A78E005DB23B /* jmorecfg.h in Headers */,
				6271A5762047A78E005DB23B /* series.h in Headers */,
				6271A5922047A78E005DB23B /* stringcode.h in Headers */,
				6271A5462047A78E005DB23B /* unicharset.h in Headers */,
				6271A5912047A78E005DB23B /* rbtree.h in Headers */,
				6271A58B2047A78E005DB23B /* environ.h in Headers */,
				6271A5892047A78E005DB23B /* bmf.h in Headers */,
				6271A55D2047A78E005DB23B /* ctc.h in Headers */,
				6271A5662047A78E005DB23B /* ndminx.h in Headers */,
				6271A5742047A78E005DB23B /* thresholder.h in Headers */,
				6271A5522047A78E005DB23B /* stridemap.h in Headers */,
				6271A57C2047A78E005DB23B /* pngconf.h in Headers */,
				6271A5942047A78E005DB23B /* ptra.h in Headers */,
				6271A5602047A78E005DB23B /* lstmtrainer.h in Headers */,
				6271A5862047A78E005DB23B /* bbuffer.h in Headers */,
				6271A55C2047A78E005DB23B /* unicharcompress.h in Headers */,
				6271A55E2047A78E005DB23B /* tfnetwork.h in Headers */,
				6271A58F2047A78E005DB23B /* gplot.h in Headers */,
				6271A5932047A78E005DB23B /* array.h in Headers */,
				6271A5702047A78E005DB23B /* basedir.h in Headers */,
				6271A5812047A78E005DB23B /* allheaders.h in Headers */,
				6271A5722047A78E005DB23B /* helpers.h in Headers */,
				6271A5962047A78E005DB23B /* heap.h in Headers */,
				6271A5952047A78E005DB23B /* stack.h in Headers */,
				6271A5402047A78E005DB23B /* dotproductsse.h in Headers */,
				6271A58C2047A78E005DB23B /* readbarcode.h in Headers */,
				6271A55B2047A78E005DB23B /* lstmrecognizer.h in Headers */,
				6271A59E2047A78E005DB23B /* arrayaccess.h in Headers */,
				6271A54E2047A78E005DB23B /* maxpool.h in Headers */,
				6271A5902047A78E005DB23B /* list.h in Headers */,
				6271A5572047A78E005DB23B /* unichar.h in Headers */,
				6271A5992047A78E005DB23B /* alltypes.h in Headers */,
				6271A5532047A78E005DB23B /* plumbing.h in Headers */,
				6271A56D2047A78E005DB23B /* genericvector.h in Headers */,
				6271A5732047A78E005DB23B /* parallel.h in Headers */,
				6271A53D2047A78E005DB23B /* jerror.h in Headers */,
				6271A5502047A78E005DB23B /* osdetect.h in Headers */,
				6271A5822047A78E005DB23B /* imageio.h in Headers */,
				6271A5802047A78E005DB23B /* dewarp.h in Headers */,
				6271A54A2047A78E005DB23B /* networkio.h in Headers */,
				6271A53E2047A78E005DB23B /* tiff.h in Headers */,
				6271A5512047A78E005DB23B /* intsimdmatrixsse.h in Headers */,
				6271A5422047A78E005DB23B /* errcode.h in Headers */,
				6271A5642047A78E005DB23B /* baseapi.h in Headers */,
				6271A5612047A78E005DB23B /* network.h in Headers */,
				6271A5672047A78E005DB23B /* functions.h in Headers */,
				6271A5412047A78E005DB23B /* static_shape.h in Headers */,
				6271A54B2047A78E005DB23B /* networkscratch.h in Headers */,
				6271A57A2047A78E005DB23B /* png.h in Headers */,
				6271A5792047A78E005DB23B /* reversed.h in Headers */,
				6271A55A2047A78E005DB23B /* resultiterator.h in Headers */,
				6271A5692047A78E005DB23B /* fullyconnected.h in Headers */,
				6271A56B2047A78E005DB23B /* intsimdmatrixavx2.h in Headers */,
				6271A5452047A78E005DB23B /* pageiterator.h in Headers */,
				6271A54F2047A78E005DB23B /* simddetect.h in Headers */,
				6271A56F2047A78E005DB23B /* intsimdmatrix.h in Headers */,
				6271A5842047A78E005DB23B /* morph.h in Headers */,
				6271A5852047A78E005DB23B /* endianness.h in Headers */,
				6271A57F2047A78E005DB23B /* tiffio.h in Headers */,
				6271A58E2047A78E005DB23B /* sudoku.h in Headers */,
				6271A5782047A78E005DB23B /* tesscallback.h in Headers */,
				6271A5772047A78E005DB23B /* dotproductavx.h in Headers */,
				6271A59D2047A78E005DB23B /* pix.h in Headers */,
				6271A5482047A78E005DB23B /* version.h in Headers */,
				6271A55F2047A78E005DB23B /* serialis.h in Headers */,
				6271A53C2047A78E005DB23B /* jpeglib.h in Headers */,
				6271A5632047A78E005DB23B /* fileerr.h in Headers */,
				6271A5592047A78E005DB23B /* ocrclass.h in Headers */,
				6271A59F2047A78E005DB23B /* tiffconf.h in Headers */,
				6271A54D2047A78E005DB23B /* apitypes.h in Headers */,
				6271A5492047A78E005DB23B /* params.h in Headers */,
				6271A5872047A78E005DB23B /* jbclass.h in Headers */,
				6271A5552047A78E005DB23B /* lstm.h in Headers */,
				6271A5832047A78E005DB23B /* bilateral.h in Headers */,
				6271A5442047A78E005DB23B /* ltrresultiterator.h in Headers */,
				6271A5432047A78E005DB23B /* input.h in Headers */,
				6271A5622047A78E005DB23B /* weightmatrix.h in Headers */,
				6271A5582047A78E005DB23B /* convolve.h in Headers */,
				6271A56A2047A78E005DB23B /* recodebeam.h in Headers */,
				6271A5972047A78E005DB23B /* watershed.h in Headers */,
				6271A59B2047A78E005DB23B /* queue.h in Headers */,
				6271A56C2047A78E005DB23B /* strngs.h in Headers */,
				6271A5472047A78E005DB23B /* memry.h in Headers */,
				6271A57B2047A78E005DB23B /* pnglibconf.h in Headers */,
				6271A57D2047A78E005DB23B /* jconfig.h in Headers */,
				6271A53F2047A78E005DB23B /* tiffvers.h in Headers */,
				6271A5882047A78E005DB23B /* bmp.h in Headers */,
				6271A5982047A78E005DB23B /* ccbord.h in Headers */,
				6271A5712047A78E005DB23B /* reconfig.h in Headers */,
				6271A5542047A78E005DB23B /* renderer.h in Headers */,
				6271A5562047A78E005DB23B /* publictypes.h in Headers */,
				6271A59C2047A78E005DB23B /* bmfdata.h in Headers */,
				6271A58A2047A78E005DB23B /* recog.h in Headers */,
				6271A56E2047A78E005DB23B /* unicharmap.h in Headers */,
				6271A5682047A78E005DB23B /* networkbuilder.h in Headers */,
			);
			runOnlyForDeploymentPostprocessing = 0;
		};
/* End PBXHeadersBuildPhase section */

/* Begin PBXNativeTarget section */
		6271A3D32047A0D7005DB23B /* SwiftyTesseract */ = {
			isa = PBXNativeTarget;
			buildConfigurationList = 6271A3E82047A0D7005DB23B /* Build configuration list for PBXNativeTarget "SwiftyTesseract" */;
			buildPhases = (
				3BB8A22CCD0B1C70F10946C7 /* [CP] Check Pods Manifest.lock */,
				6271A3CF2047A0D7005DB23B /* Sources */,
				6271A3D02047A0D7005DB23B /* Frameworks */,
				6271A3D12047A0D7005DB23B /* Headers */,
				6271A3D22047A0D7005DB23B /* Resources */,
				70EF673BBBF6578742AA0E3A /* [CP] Copy Pods Resources */,
			);
			buildRules = (
			);
			dependencies = (
			);
			name = SwiftyTesseract;
			productName = SwiftyTesseract;
			productReference = 6271A3D42047A0D7005DB23B /* SwiftyTesseract.framework */;
			productType = "com.apple.product-type.framework";
		};
		6271A3DC2047A0D7005DB23B /* SwiftyTesseractTests */ = {
			isa = PBXNativeTarget;
			buildConfigurationList = 6271A3EB2047A0D7005DB23B /* Build configuration list for PBXNativeTarget "SwiftyTesseractTests" */;
			buildPhases = (
				AB65779FB871406BBC3EAABA /* [CP] Check Pods Manifest.lock */,
				6271A3D92047A0D7005DB23B /* Sources */,
				6271A3DA2047A0D7005DB23B /* Frameworks */,
				6271A3DB2047A0D7005DB23B /* Resources */,
				057ED66DFB2472E541469A45 /* [CP] Embed Pods Frameworks */,
				D0C2280343DC9841D431CEF6 /* [CP] Copy Pods Resources */,
			);
			buildRules = (
			);
			dependencies = (
				6271A3E02047A0D7005DB23B /* PBXTargetDependency */,
			);
			name = SwiftyTesseractTests;
			productName = SwiftyTesseractTests;
			productReference = 6271A3DD2047A0D7005DB23B /* SwiftyTesseractTests.xctest */;
			productType = "com.apple.product-type.bundle.unit-test";
		};
/* End PBXNativeTarget section */

/* Begin PBXProject section */
		6271A3CB2047A0D7005DB23B /* Project object */ = {
			isa = PBXProject;
			attributes = {
				LastSwiftUpdateCheck = 0920;
				LastUpgradeCheck = 0920;
				ORGANIZATIONNAME = "Steven Sherry";
				TargetAttributes = {
					6271A3D32047A0D7005DB23B = {
						CreatedOnToolsVersion = 9.2;
						LastSwiftMigration = 0920;
						ProvisioningStyle = Automatic;
					};
					6271A3DC2047A0D7005DB23B = {
						CreatedOnToolsVersion = 9.2;
						ProvisioningStyle = Automatic;
					};
				};
			};
			buildConfigurationList = 6271A3CE2047A0D7005DB23B /* Build configuration list for PBXProject "SwiftyTesseract" */;
			compatibilityVersion = "Xcode 8.0";
			developmentRegion = en;
			hasScannedForEncodings = 0;
			knownRegions = (
				en,
			);
			mainGroup = 6271A3CA2047A0D7005DB23B;
			productRefGroup = 6271A3D52047A0D7005DB23B /* Products */;
			projectDirPath = "";
			projectRoot = "";
			targets = (
				6271A3D32047A0D7005DB23B /* SwiftyTesseract */,
				6271A3DC2047A0D7005DB23B /* SwiftyTesseractTests */,
			);
		};
/* End PBXProject section */

/* Begin PBXResourcesBuildPhase section */
		6271A3D22047A0D7005DB23B /* Resources */ = {
			isa = PBXResourcesBuildPhase;
			buildActionMask = 2147483647;
			files = (
				62E3D1D1204879EE0030AB11 /* image_sample.jpg in Resources */,
			);
			runOnlyForDeploymentPostprocessing = 0;
		};
		6271A3DB2047A0D7005DB23B /* Resources */ = {
			isa = PBXResourcesBuildPhase;
			buildActionMask = 2147483647;
			files = (
				62E3D1D2204880400030AB11 /* image_sample.jpg in Resources */,
				62E3D1E22049FAAE0030AB11 /* IMG_1108.jpg in Resources */,
				629F558C204B3B3B00974B07 /* tessdata in Resources */,
			);
			runOnlyForDeploymentPostprocessing = 0;
		};
/* End PBXResourcesBuildPhase section */

/* Begin PBXShellScriptBuildPhase section */
		057ED66DFB2472E541469A45 /* [CP] Embed Pods Frameworks */ = {
			isa = PBXShellScriptBuildPhase;
			buildActionMask = 2147483647;
			files = (
			);
			inputPaths = (
				"${SRCROOT}/Pods/Target Support Files/Pods-SwiftyTesseractTests/Pods-SwiftyTesseractTests-frameworks.sh",
				"${BUILT_PRODUCTS_DIR}/Nimble/Nimble.framework",
				"${BUILT_PRODUCTS_DIR}/Quick/Quick.framework",
			);
			name = "[CP] Embed Pods Frameworks";
			outputPaths = (
				"${TARGET_BUILD_DIR}/${FRAMEWORKS_FOLDER_PATH}/Nimble.framework",
				"${TARGET_BUILD_DIR}/${FRAMEWORKS_FOLDER_PATH}/Quick.framework",
			);
			runOnlyForDeploymentPostprocessing = 0;
			shellPath = /bin/sh;
			shellScript = "\"${SRCROOT}/Pods/Target Support Files/Pods-SwiftyTesseractTests/Pods-SwiftyTesseractTests-frameworks.sh\"\n";
			showEnvVarsInLog = 0;
		};
		3BB8A22CCD0B1C70F10946C7 /* [CP] Check Pods Manifest.lock */ = {
			isa = PBXShellScriptBuildPhase;
			buildActionMask = 2147483647;
			files = (
			);
			inputPaths = (
				"${PODS_PODFILE_DIR_PATH}/Podfile.lock",
				"${PODS_ROOT}/Manifest.lock",
			);
			name = "[CP] Check Pods Manifest.lock";
			outputPaths = (
				"$(DERIVED_FILE_DIR)/Pods-SwiftyTesseract-checkManifestLockResult.txt",
			);
			runOnlyForDeploymentPostprocessing = 0;
			shellPath = /bin/sh;
			shellScript = "diff \"${PODS_PODFILE_DIR_PATH}/Podfile.lock\" \"${PODS_ROOT}/Manifest.lock\" > /dev/null\nif [ $? != 0 ] ; then\n    # print error to STDERR\n    echo \"error: The sandbox is not in sync with the Podfile.lock. Run 'pod install' or update your CocoaPods installation.\" >&2\n    exit 1\nfi\n# This output is used by Xcode 'outputs' to avoid re-running this script phase.\necho \"SUCCESS\" > \"${SCRIPT_OUTPUT_FILE_0}\"\n";
			showEnvVarsInLog = 0;
		};
		70EF673BBBF6578742AA0E3A /* [CP] Copy Pods Resources */ = {
			isa = PBXShellScriptBuildPhase;
			buildActionMask = 2147483647;
			files = (
			);
			inputPaths = (
			);
			name = "[CP] Copy Pods Resources";
			outputPaths = (
			);
			runOnlyForDeploymentPostprocessing = 0;
			shellPath = /bin/sh;
			shellScript = "\"${SRCROOT}/Pods/Target Support Files/Pods-SwiftyTesseract/Pods-SwiftyTesseract-resources.sh\"\n";
			showEnvVarsInLog = 0;
		};
		AB65779FB871406BBC3EAABA /* [CP] Check Pods Manifest.lock */ = {
			isa = PBXShellScriptBuildPhase;
			buildActionMask = 2147483647;
			files = (
			);
			inputPaths = (
				"${PODS_PODFILE_DIR_PATH}/Podfile.lock",
				"${PODS_ROOT}/Manifest.lock",
			);
			name = "[CP] Check Pods Manifest.lock";
			outputPaths = (
				"$(DERIVED_FILE_DIR)/Pods-SwiftyTesseractTests-checkManifestLockResult.txt",
			);
			runOnlyForDeploymentPostprocessing = 0;
			shellPath = /bin/sh;
			shellScript = "diff \"${PODS_PODFILE_DIR_PATH}/Podfile.lock\" \"${PODS_ROOT}/Manifest.lock\" > /dev/null\nif [ $? != 0 ] ; then\n    # print error to STDERR\n    echo \"error: The sandbox is not in sync with the Podfile.lock. Run 'pod install' or update your CocoaPods installation.\" >&2\n    exit 1\nfi\n# This output is used by Xcode 'outputs' to avoid re-running this script phase.\necho \"SUCCESS\" > \"${SCRIPT_OUTPUT_FILE_0}\"\n";
			showEnvVarsInLog = 0;
		};
		D0C2280343DC9841D431CEF6 /* [CP] Copy Pods Resources */ = {
			isa = PBXShellScriptBuildPhase;
			buildActionMask = 2147483647;
			files = (
			);
			inputPaths = (
			);
			name = "[CP] Copy Pods Resources";
			outputPaths = (
			);
			runOnlyForDeploymentPostprocessing = 0;
			shellPath = /bin/sh;
			shellScript = "\"${SRCROOT}/Pods/Target Support Files/Pods-SwiftyTesseractTests/Pods-SwiftyTesseractTests-resources.sh\"\n";
			showEnvVarsInLog = 0;
		};
/* End PBXShellScriptBuildPhase section */

/* Begin PBXSourcesBuildPhase section */
		6271A3CF2047A0D7005DB23B /* Sources */ = {
			isa = PBXSourcesBuildPhase;
			buildActionMask = 2147483647;
			files = (
				62D7341D206462CF0021C1EC /* RecognitionLanguage.swift in Sources */,
				6271A4C92047A360005DB23B /* SwiftyTesseract.swift in Sources */,
				62D7341F2064632C0021C1EC /* EngineMode.swift in Sources */,
				62D7383F20666F7B0021C1EC /* TesseractVariableName.swift in Sources */,
				62D7384520668E350021C1EC /* String+Extensions.swift in Sources */,
				62D7384120668C080021C1EC /* TesseractError.swift in Sources */,
				62D7384720668E9B0021C1EC /* Bundle+pathToTrainedData.swift in Sources */,
			);
			runOnlyForDeploymentPostprocessing = 0;
		};
		6271A3D92047A0D7005DB23B /* Sources */ = {
			isa = PBXSourcesBuildPhase;
			buildActionMask = 2147483647;
			files = (
				6271A3E32047A0D7005DB23B /* SwiftyTesseractTests.swift in Sources */,
				62D73423206466FF0021C1EC /* RecognitionLanguageTests.swift in Sources */,
			);
			runOnlyForDeploymentPostprocessing = 0;
		};
/* End PBXSourcesBuildPhase section */

/* Begin PBXTargetDependency section */
		6271A3E02047A0D7005DB23B /* PBXTargetDependency */ = {
			isa = PBXTargetDependency;
			target = 6271A3D32047A0D7005DB23B /* SwiftyTesseract */;
			targetProxy = 6271A3DF2047A0D7005DB23B /* PBXContainerItemProxy */;
		};
/* End PBXTargetDependency section */

/* Begin XCBuildConfiguration section */
		6271A3E62047A0D7005DB23B /* Debug */ = {
			isa = XCBuildConfiguration;
			buildSettings = {
				ALWAYS_SEARCH_USER_PATHS = NO;
				CLANG_ANALYZER_NONNULL = YES;
				CLANG_ANALYZER_NUMBER_OBJECT_CONVERSION = YES_AGGRESSIVE;
				CLANG_CXX_LANGUAGE_STANDARD = "gnu++14";
				CLANG_CXX_LIBRARY = "libc++";
				CLANG_ENABLE_MODULES = YES;
				CLANG_ENABLE_OBJC_ARC = YES;
				CLANG_WARN_BLOCK_CAPTURE_AUTORELEASING = YES;
				CLANG_WARN_BOOL_CONVERSION = YES;
				CLANG_WARN_COMMA = YES;
				CLANG_WARN_CONSTANT_CONVERSION = YES;
				CLANG_WARN_DIRECT_OBJC_ISA_USAGE = YES_ERROR;
				CLANG_WARN_DOCUMENTATION_COMMENTS = YES;
				CLANG_WARN_EMPTY_BODY = YES;
				CLANG_WARN_ENUM_CONVERSION = YES;
				CLANG_WARN_INFINITE_RECURSION = YES;
				CLANG_WARN_INT_CONVERSION = YES;
				CLANG_WARN_NON_LITERAL_NULL_CONVERSION = YES;
				CLANG_WARN_OBJC_LITERAL_CONVERSION = YES;
				CLANG_WARN_OBJC_ROOT_CLASS = YES_ERROR;
				CLANG_WARN_RANGE_LOOP_ANALYSIS = YES;
				CLANG_WARN_STRICT_PROTOTYPES = YES;
				CLANG_WARN_SUSPICIOUS_MOVE = YES;
				CLANG_WARN_UNGUARDED_AVAILABILITY = YES_AGGRESSIVE;
				CLANG_WARN_UNREACHABLE_CODE = YES;
				CLANG_WARN__DUPLICATE_METHOD_MATCH = YES;
				CODE_SIGN_IDENTITY = "iPhone Developer";
				COPY_PHASE_STRIP = NO;
				CURRENT_PROJECT_VERSION = 1;
				DEBUG_INFORMATION_FORMAT = dwarf;
				DEFINES_MODULE = YES;
				ENABLE_STRICT_OBJC_MSGSEND = YES;
				ENABLE_TESTABILITY = YES;
				GCC_C_LANGUAGE_STANDARD = gnu11;
				GCC_DYNAMIC_NO_PIC = NO;
				GCC_NO_COMMON_BLOCKS = YES;
				GCC_OPTIMIZATION_LEVEL = 0;
				GCC_PREPROCESSOR_DEFINITIONS = (
					"DEBUG=1",
					"$(inherited)",
				);
				GCC_WARN_64_TO_32_BIT_CONVERSION = YES;
				GCC_WARN_ABOUT_RETURN_TYPE = YES_ERROR;
				GCC_WARN_UNDECLARED_SELECTOR = YES;
				GCC_WARN_UNINITIALIZED_AUTOS = YES_AGGRESSIVE;
				GCC_WARN_UNUSED_FUNCTION = YES;
				GCC_WARN_UNUSED_VARIABLE = YES;
				IPHONEOS_DEPLOYMENT_TARGET = 11.2;
				"MODULEMAP_FILE[sdk=*]" = "${SRCROOT}/SwiftyTesseract/module.modulemap";
				MTL_ENABLE_DEBUG_INFO = YES;
				ONLY_ACTIVE_ARCH = YES;
				SDKROOT = iphoneos;
				SWIFT_ACTIVE_COMPILATION_CONDITIONS = DEBUG;
				SWIFT_OPTIMIZATION_LEVEL = "-Onone";
				VERSIONING_SYSTEM = "apple-generic";
				VERSION_INFO_PREFIX = "";
			};
			name = Debug;
		};
		6271A3E72047A0D7005DB23B /* Release */ = {
			isa = XCBuildConfiguration;
			buildSettings = {
				ALWAYS_SEARCH_USER_PATHS = NO;
				CLANG_ANALYZER_NONNULL = YES;
				CLANG_ANALYZER_NUMBER_OBJECT_CONVERSION = YES_AGGRESSIVE;
				CLANG_CXX_LANGUAGE_STANDARD = "gnu++14";
				CLANG_CXX_LIBRARY = "libc++";
				CLANG_ENABLE_MODULES = YES;
				CLANG_ENABLE_OBJC_ARC = YES;
				CLANG_WARN_BLOCK_CAPTURE_AUTORELEASING = YES;
				CLANG_WARN_BOOL_CONVERSION = YES;
				CLANG_WARN_COMMA = YES;
				CLANG_WARN_CONSTANT_CONVERSION = YES;
				CLANG_WARN_DIRECT_OBJC_ISA_USAGE = YES_ERROR;
				CLANG_WARN_DOCUMENTATION_COMMENTS = YES;
				CLANG_WARN_EMPTY_BODY = YES;
				CLANG_WARN_ENUM_CONVERSION = YES;
				CLANG_WARN_INFINITE_RECURSION = YES;
				CLANG_WARN_INT_CONVERSION = YES;
				CLANG_WARN_NON_LITERAL_NULL_CONVERSION = YES;
				CLANG_WARN_OBJC_LITERAL_CONVERSION = YES;
				CLANG_WARN_OBJC_ROOT_CLASS = YES_ERROR;
				CLANG_WARN_RANGE_LOOP_ANALYSIS = YES;
				CLANG_WARN_STRICT_PROTOTYPES = YES;
				CLANG_WARN_SUSPICIOUS_MOVE = YES;
				CLANG_WARN_UNGUARDED_AVAILABILITY = YES_AGGRESSIVE;
				CLANG_WARN_UNREACHABLE_CODE = YES;
				CLANG_WARN__DUPLICATE_METHOD_MATCH = YES;
				CODE_SIGN_IDENTITY = "iPhone Developer";
				COPY_PHASE_STRIP = NO;
				CURRENT_PROJECT_VERSION = 1;
				DEBUG_INFORMATION_FORMAT = "dwarf-with-dsym";
				DEFINES_MODULE = YES;
				ENABLE_NS_ASSERTIONS = NO;
				ENABLE_STRICT_OBJC_MSGSEND = YES;
				GCC_C_LANGUAGE_STANDARD = gnu11;
				GCC_NO_COMMON_BLOCKS = YES;
				GCC_WARN_64_TO_32_BIT_CONVERSION = YES;
				GCC_WARN_ABOUT_RETURN_TYPE = YES_ERROR;
				GCC_WARN_UNDECLARED_SELECTOR = YES;
				GCC_WARN_UNINITIALIZED_AUTOS = YES_AGGRESSIVE;
				GCC_WARN_UNUSED_FUNCTION = YES;
				GCC_WARN_UNUSED_VARIABLE = YES;
				IPHONEOS_DEPLOYMENT_TARGET = 11.2;
				"MODULEMAP_FILE[sdk=*]" = "${SRCROOT}/SwiftyTesseract/module.modulemap";
				MTL_ENABLE_DEBUG_INFO = NO;
				SDKROOT = iphoneos;
				SWIFT_OPTIMIZATION_LEVEL = "-Owholemodule";
				VALIDATE_PRODUCT = YES;
				VERSIONING_SYSTEM = "apple-generic";
				VERSION_INFO_PREFIX = "";
			};
			name = Release;
		};
		6271A3E92047A0D7005DB23B /* Debug */ = {
			isa = XCBuildConfiguration;
			baseConfigurationReference = 7F4D3A671B6CBE3472D85DBB /* Pods-SwiftyTesseract.debug.xcconfig */;
			buildSettings = {
				CLANG_ALLOW_NON_MODULAR_INCLUDES_IN_FRAMEWORK_MODULES = YES;
				CLANG_ENABLE_MODULES = YES;
				CODE_SIGN_IDENTITY = "";
				CODE_SIGN_STYLE = Automatic;
				DEFINES_MODULE = YES;
				DEVELOPMENT_TEAM = EWSMAH6SD7;
				DYLIB_COMPATIBILITY_VERSION = 1;
				DYLIB_CURRENT_VERSION = 1;
				DYLIB_INSTALL_NAME_BASE = "@rpath";
				INFOPLIST_FILE = SwiftyTesseract/Info.plist;
				INSTALL_PATH = "$(LOCAL_LIBRARY_DIR)/Frameworks";
				IPHONEOS_DEPLOYMENT_TARGET = 10.0;
				LD_GENERATE_MAP_FILE = NO;
				LD_RUNPATH_SEARCH_PATHS = "$(inherited) @executable_path/Frameworks @loader_path/Frameworks";
				LIBRARY_SEARCH_PATHS = (
					"$(inherited)",
					"$(PROJECT_DIR)/SwiftyTesseract/dependencies/lib/**",
				);
				"MODULEMAP_FILE[sdk=*]" = "";
				PRODUCT_BUNDLE_IDENTIFIER = com.AffinityForApps.SwiftyTesseract;
				PRODUCT_NAME = "$(TARGET_NAME:c99extidentifier)";
				SKIP_INSTALL = YES;
				"SWIFT_INCLUDE_PATHS[arch=*]" = "${SRCROOT}/SwiftyTesseract/dependencies/** ${SRCROOT}/SwiftyTesseract/dependencies/include/tesseract";
				SWIFT_OPTIMIZATION_LEVEL = "-Onone";
				SWIFT_VERSION = 4.0;
				TARGETED_DEVICE_FAMILY = "1,2";
				USE_HEADERMAP = YES;
			};
			name = Debug;
		};
		6271A3EA2047A0D7005DB23B /* Release */ = {
			isa = XCBuildConfiguration;
			baseConfigurationReference = 555B0C2A4D3DC29260711041 /* Pods-SwiftyTesseract.release.xcconfig */;
			buildSettings = {
				CLANG_ALLOW_NON_MODULAR_INCLUDES_IN_FRAMEWORK_MODULES = YES;
				CLANG_ENABLE_MODULES = YES;
				CODE_SIGN_IDENTITY = "";
				CODE_SIGN_STYLE = Automatic;
				DEFINES_MODULE = YES;
				DEVELOPMENT_TEAM = EWSMAH6SD7;
				DYLIB_COMPATIBILITY_VERSION = 1;
				DYLIB_CURRENT_VERSION = 1;
				DYLIB_INSTALL_NAME_BASE = "@rpath";
				INFOPLIST_FILE = SwiftyTesseract/Info.plist;
				INSTALL_PATH = "$(LOCAL_LIBRARY_DIR)/Frameworks";
				IPHONEOS_DEPLOYMENT_TARGET = 10.0;
				LD_GENERATE_MAP_FILE = NO;
				LD_RUNPATH_SEARCH_PATHS = "$(inherited) @executable_path/Frameworks @loader_path/Frameworks";
				LIBRARY_SEARCH_PATHS = (
					"$(inherited)",
					"$(PROJECT_DIR)/SwiftyTesseract/dependencies/lib/**",
				);
				"MODULEMAP_FILE[sdk=*]" = "";
				PRODUCT_BUNDLE_IDENTIFIER = com.AffinityForApps.SwiftyTesseract;
				PRODUCT_NAME = "$(TARGET_NAME:c99extidentifier)";
				SKIP_INSTALL = YES;
				"SWIFT_INCLUDE_PATHS[arch=*]" = "${SRCROOT}/SwiftyTesseract/dependencies/** ${SRCROOT}/SwiftyTesseract/dependencies/include/tesseract";
				SWIFT_VERSION = 4.0;
				TARGETED_DEVICE_FAMILY = "1,2";
				USE_HEADERMAP = YES;
			};
			name = Release;
		};
		6271A3EC2047A0D7005DB23B /* Debug */ = {
			isa = XCBuildConfiguration;
			baseConfigurationReference = BB1ED64C8AA56E2E0AA451E3 /* Pods-SwiftyTesseractTests.debug.xcconfig */;
			buildSettings = {
				ALWAYS_EMBED_SWIFT_STANDARD_LIBRARIES = YES;
				CODE_SIGN_STYLE = Automatic;
				DEVELOPMENT_TEAM = EWSMAH6SD7;
				INFOPLIST_FILE = SwiftyTesseractTests/Info.plist;
				LD_RUNPATH_SEARCH_PATHS = "$(inherited) @executable_path/Frameworks @loader_path/Frameworks";
				PRODUCT_BUNDLE_IDENTIFIER = com.AffinityForApps.SwiftyTesseractTests;
				PRODUCT_NAME = "$(TARGET_NAME)";
				SWIFT_VERSION = 4.0;
				TARGETED_DEVICE_FAMILY = "1,2";
			};
			name = Debug;
		};
		6271A3ED2047A0D7005DB23B /* Release */ = {
			isa = XCBuildConfiguration;
			baseConfigurationReference = FBF41308E792846E0C28A9C3 /* Pods-SwiftyTesseractTests.release.xcconfig */;
			buildSettings = {
				ALWAYS_EMBED_SWIFT_STANDARD_LIBRARIES = YES;
				CODE_SIGN_STYLE = Automatic;
				DEVELOPMENT_TEAM = EWSMAH6SD7;
				INFOPLIST_FILE = SwiftyTesseractTests/Info.plist;
				LD_RUNPATH_SEARCH_PATHS = "$(inherited) @executable_path/Frameworks @loader_path/Frameworks";
				PRODUCT_BUNDLE_IDENTIFIER = com.AffinityForApps.SwiftyTesseractTests;
				PRODUCT_NAME = "$(TARGET_NAME)";
				SWIFT_VERSION = 4.0;
				TARGETED_DEVICE_FAMILY = "1,2";
			};
			name = Release;
		};
/* End XCBuildConfiguration section */

/* Begin XCConfigurationList section */
		6271A3CE2047A0D7005DB23B /* Build configuration list for PBXProject "SwiftyTesseract" */ = {
			isa = XCConfigurationList;
			buildConfigurations = (
				6271A3E62047A0D7005DB23B /* Debug */,
				6271A3E72047A0D7005DB23B /* Release */,
			);
			defaultConfigurationIsVisible = 0;
			defaultConfigurationName = Release;
		};
		6271A3E82047A0D7005DB23B /* Build configuration list for PBXNativeTarget "SwiftyTesseract" */ = {
			isa = XCConfigurationList;
			buildConfigurations = (
				6271A3E92047A0D7005DB23B /* Debug */,
				6271A3EA2047A0D7005DB23B /* Release */,
			);
			defaultConfigurationIsVisible = 0;
			defaultConfigurationName = Release;
		};
		6271A3EB2047A0D7005DB23B /* Build configuration list for PBXNativeTarget "SwiftyTesseractTests" */ = {
			isa = XCConfigurationList;
			buildConfigurations = (
				6271A3EC2047A0D7005DB23B /* Debug */,
				6271A3ED2047A0D7005DB23B /* Release */,
			);
			defaultConfigurationIsVisible = 0;
			defaultConfigurationName = Release;
		};
/* End XCConfigurationList section */
	};
	rootObject = 6271A3CB2047A0D7005DB23B /* Project object */;
}
