{
  "object": {
    "pins": [
      {
        "package": "libtesseract",
        "repositoryURL": "https://github.com/SwiftyTesseract/libtesseract.git",
        "state": {
          "branch": null,
          "revision": "d8b5fab45f5dc0b1d34b0ca7bf6620b72426adf1",
          "version": "0.1.0"
        }
      },
      {
        "package": "swift-argument-parser",
        "repositoryURL": "https://github.com/apple/swift-argument-parser",
        "state": {
          "branch": null,
          "revision": "92646c0cdbaca076c8d3d0207891785b3379cbff",
          "version": "0.3.1"
        }
      },
      {
        "package": "SwiftyTesseract",
        "repositoryURL": "https://github.com/SwiftyTesseract/SwiftyTesseract.git",
        "state": {
          "branch": null,
          "revision": "bb5f77f8e5a22e4428a56fb966507fe5858bf0bb",
          "version": null
        }
      }
    ]
  },
  "version": 1
}
